// !$*UTF8*$!
{
	archiveVersion = 1;
	classes = {
	};
	objectVersion = 51;
	objects = {

/* Begin PBXBuildFile section */
		8D11072B0486CEB800E47090 /* InfoPlist.strings in Resources */ = {isa = PBXBuildFile; fileRef = 089C165CFE840E0CC02AAC07 /* InfoPlist.strings */; };
		8D11072D0486CEB800E47090 /* main.m in Sources */ = {isa = PBXBuildFile; fileRef = 29B97316FDCFA39411CA2CEA /* main.m */; settings = {ATTRIBUTES = (); }; };
		8D11072F0486CEB800E47090 /* Cocoa.framework in Frameworks */ = {isa = PBXBuildFile; fileRef = 1058C7A1FEA54F0111CA2CBB /* Cocoa.framework */; };
		DFE42AEE94210F1BB1E1DFCD /* Pods_SoqlXplorerTests.framework in Frameworks */ = {isa = PBXBuildFile; fileRef = 5D5A96B45D611A7235D41491 /* Pods_SoqlXplorerTests.framework */; };
		F412575D0B098593001622AC /* WeightedSObject.m in Sources */ = {isa = PBXBuildFile; fileRef = F412575B0B098593001622AC /* WeightedSObject.m */; };
		F412DE1721B341D300D8889F /* SessionIdAuthInfo.m in Sources */ = {isa = PBXBuildFile; fileRef = F412DE1621B341D300D8889F /* SessionIdAuthInfo.m */; };
		F413C6540AACABD5000A8CDC /* DataSources.m in Sources */ = {isa = PBXBuildFile; fileRef = F413C6530AACABD5000A8CDC /* DataSources.m */; };
		F413C7260AACB9B4000A8CDC /* sf.icns in Resources */ = {isa = PBXBuildFile; fileRef = F413C7250AACB9B4000A8CDC /* sf.icns */; };
		F428A2D30F677BC3007BD862 /* BlueView.m in Sources */ = {isa = PBXBuildFile; fileRef = F428A2D20F677BC3007BD862 /* BlueView.m */; };
		F4408FEF2562F4C1005E8BB7 /* QueryColumns.m in Sources */ = {isa = PBXBuildFile; fileRef = F4408FEE2562F4C1005E8BB7 /* QueryColumns.m */; };
		F4408FF02562F4C1005E8BB7 /* QueryColumns.m in Sources */ = {isa = PBXBuildFile; fileRef = F4408FEE2562F4C1005E8BB7 /* QueryColumns.m */; };
		F44FC9E10E1EB69D00B5F70C /* ResultsSaver.m in Sources */ = {isa = PBXBuildFile; fileRef = F44FC9E00E1EB69D00B5F70C /* ResultsSaver.m */; };
		F45176FA25672843006C7628 /* FragariaDefaultsCoordinator.framework in Frameworks */ = {isa = PBXBuildFile; fileRef = F45176F725672843006C7628 /* FragariaDefaultsCoordinator.framework */; };
		F45176FB25672843006C7628 /* FragariaDefaultsCoordinator.framework in CopyFiles */ = {isa = PBXBuildFile; fileRef = F45176F725672843006C7628 /* FragariaDefaultsCoordinator.framework */; settings = {ATTRIBUTES = (CodeSignOnCopy, RemoveHeadersOnCopy, ); }; };
		F451770425672E0B006C7628 /* apex.plist in Copy Syntax Definitions */ = {isa = PBXBuildFile; fileRef = F451770325672E0B006C7628 /* apex.plist */; };
		F45229BE997B42C97906B069 /* Pods_SoqlXplorer.framework in Frameworks */ = {isa = PBXBuildFile; fileRef = 21E4B8D32EEB87E1463F1F48 /* Pods_SoqlXplorer.framework */; };
		F454D163126785EA00DC16D9 /* ApexController.m in Sources */ = {isa = PBXBuildFile; fileRef = F454D162126785EA00DC16D9 /* ApexController.m */; };
		F454D2E01267E0AF00DC16D9 /* redLight.png in Resources */ = {isa = PBXBuildFile; fileRef = F454D2DE1267E0AF00DC16D9 /* redLight.png */; };
		F454D2E11267E0AF00DC16D9 /* greenLight.png in Resources */ = {isa = PBXBuildFile; fileRef = F454D2DF1267E0AF00DC16D9 /* greenLight.png */; };
		F458CEB20AFF2442008A20A9 /* SObjectBox.m in Sources */ = {isa = PBXBuildFile; fileRef = F458CEB00AFF2442008A20A9 /* SObjectBox.m */; };
		F4592CBF21A24A8C0042F2AD /* Fragaria.framework in Frameworks */ = {isa = PBXBuildFile; fileRef = F4CA097C21A1E8DE00CC9238 /* Fragaria.framework */; };
		F4592CCA21AB8ADB0042F2AD /* Fragaria.framework in CopyFiles */ = {isa = PBXBuildFile; fileRef = F4CA097C21A1E8DE00CC9238 /* Fragaria.framework */; settings = {ATTRIBUTES = (CodeSignOnCopy, RemoveHeadersOnCopy, ); }; };
		F45C7EDD0B5FDA5200F93DD7 /* SchemaProtocol.m in Sources */ = {isa = PBXBuildFile; fileRef = F45C7EDB0B5FDA5200F93DD7 /* SchemaProtocol.m */; };
		F45C7EEB0B5FDB5F00F93DD7 /* WebKit.framework in Frameworks */ = {isa = PBXBuildFile; fileRef = F45C7EEA0B5FDB5F00F93DD7 /* WebKit.framework */; };
		F45DDFDD0AABBA6100ED0BA0 /* Explorer.m in Sources */ = {isa = PBXBuildFile; fileRef = F45DDFDB0AABBA6100ED0BA0 /* Explorer.m */; };
		F46D91070B33DFC800913AD2 /* StandAloneTableHeaderView.m in Sources */ = {isa = PBXBuildFile; fileRef = F46D91010B33DFC800913AD2 /* StandAloneTableHeaderView.m */; };
		F48B6B8C1969E68700496C82 /* Prefs.m in Sources */ = {isa = PBXBuildFile; fileRef = F48B6B8B1969E68700496C82 /* Prefs.m */; };
		F494FA470F7EFE22001216EC /* RRCausticColorMatcher.m in Sources */ = {isa = PBXBuildFile; fileRef = F494FA400F7EFE22001216EC /* RRCausticColorMatcher.m */; };
		F494FA480F7EFE22001216EC /* RRExponentialFunction.m in Sources */ = {isa = PBXBuildFile; fileRef = F494FA420F7EFE22001216EC /* RRExponentialFunction.m */; };
		F494FA490F7EFE22001216EC /* RRGlossCausticShader.m in Sources */ = {isa = PBXBuildFile; fileRef = F494FA440F7EFE22001216EC /* RRGlossCausticShader.m */; };
		F494FA4A0F7EFE22001216EC /* RRLuminanceFromRGBComponents.m in Sources */ = {isa = PBXBuildFile; fileRef = F494FA460F7EFE22001216EC /* RRLuminanceFromRGBComponents.m */; };
		F49741F00D554DB500DD77F4 /* QueryListController.m in Sources */ = {isa = PBXBuildFile; fileRef = F49741EF0D554DB500DD77F4 /* QueryListController.m */; };
		F4A62E2F0D31AC6300D7EACA /* NSView_additions.m in Sources */ = {isa = PBXBuildFile; fileRef = F4A62E2E0D31AC6300D7EACA /* NSView_additions.m */; };
		F4AC556715996D8500F5CA45 /* zkApexClient.m in Sources */ = {isa = PBXBuildFile; fileRef = F4AC555A15996D8500F5CA45 /* zkApexClient.m */; };
		F4AC556815996D8500F5CA45 /* ZKCodeCoverageResult.m in Sources */ = {isa = PBXBuildFile; fileRef = F4AC555C15996D8500F5CA45 /* ZKCodeCoverageResult.m */; };
		F4AC556915996D8500F5CA45 /* ZKCodeLocation.m in Sources */ = {isa = PBXBuildFile; fileRef = F4AC555E15996D8500F5CA45 /* ZKCodeLocation.m */; };
		F4AC556A15996D8500F5CA45 /* ZKCompileResult.m in Sources */ = {isa = PBXBuildFile; fileRef = F4AC556015996D8500F5CA45 /* ZKCompileResult.m */; };
		F4AC556B15996D8500F5CA45 /* zkExecuteAnonResult.m in Sources */ = {isa = PBXBuildFile; fileRef = F4AC556215996D8500F5CA45 /* zkExecuteAnonResult.m */; };
		F4AC556C15996D8500F5CA45 /* ZKRunTestFailure.m in Sources */ = {isa = PBXBuildFile; fileRef = F4AC556415996D8500F5CA45 /* ZKRunTestFailure.m */; };
		F4AC556D15996D8500F5CA45 /* zkRunTestResult.m in Sources */ = {isa = PBXBuildFile; fileRef = F4AC556615996D8500F5CA45 /* zkRunTestResult.m */; };
		F4B461FF0F79EB850099C434 /* FieldResizer.m in Sources */ = {isa = PBXBuildFile; fileRef = F4B461FE0F79EB850099C434 /* FieldResizer.m */; };
		F4B58B471D31D21200D62683 /* ZKTextView.m in Sources */ = {isa = PBXBuildFile; fileRef = F4B58B461D31D21200D62683 /* ZKTextView.m */; };
		F4B8DFE80B61EB8900DDD00A /* report.css in Resources */ = {isa = PBXBuildFile; fileRef = F4B8DFE70B61EB8900DDD00A /* report.css */; };
		F4B8DFF60B61F4B900DDD00A /* key_b.png in Resources */ = {isa = PBXBuildFile; fileRef = F4B8DFF40B61F4B900DDD00A /* key_b.png */; };
		F4B8DFF70B61F4B900DDD00A /* key_r.png in Resources */ = {isa = PBXBuildFile; fileRef = F4B8DFF50B61F4B900DDD00A /* key_r.png */; };
		F4BAD5750AF717D200E335DF /* Security.framework in Frameworks */ = {isa = PBXBuildFile; fileRef = F4BAD5740AF717D200E335DF /* Security.framework */; };
		F4BBAA152186C3E100647C27 /* Media.xcassets in Resources */ = {isa = PBXBuildFile; fileRef = F4BBAA142186C3E100647C27 /* Media.xcassets */; };
		F4BF72A70F79E58C0089F459 /* NSWindow_additions.m in Sources */ = {isa = PBXBuildFile; fileRef = F4BF72A60F79E58C0089F459 /* NSWindow_additions.m */; };
		F4C440CA15DB50BC00590A1E /* SearchQueryResult.m in Sources */ = {isa = PBXBuildFile; fileRef = F4C440C915DB50BC00590A1E /* SearchQueryResult.m */; };
		F4C877FA0F395DB4000075D4 /* ProgressController.m in Sources */ = {isa = PBXBuildFile; fileRef = F4C877F90F395DB4000075D4 /* ProgressController.m */; };
		F4C878B80F3964BD000075D4 /* BulkDelete.m in Sources */ = {isa = PBXBuildFile; fileRef = F4C878B70F3964BD000075D4 /* BulkDelete.m */; };
		F4C8BF332197C5740000E312 /* Credits.rtf in Resources */ = {isa = PBXBuildFile; fileRef = F4C8BF322197C5740000E312 /* Credits.rtf */; };
		F4CD2AB71B76881500BDD68D /* NSTableView_additions.m in Sources */ = {isa = PBXBuildFile; fileRef = F4CD2AB61B76881500BDD68D /* NSTableView_additions.m */; };
		F4CD3DAD0B85701100084479 /* ZKLoginController.m in Sources */ = {isa = PBXBuildFile; fileRef = F4CD3DAB0B85701100084479 /* ZKLoginController.m */; };
		F4CD3DBA0B8572DB00084479 /* credential.m in Sources */ = {isa = PBXBuildFile; fileRef = F4CD3DB80B8572DB00084479 /* credential.m */; };
		F4CD50770B0C18BC00345D9E /* QuartzCore.framework in Frameworks */ = {isa = PBXBuildFile; fileRef = F4CD50760B0C18BC00345D9E /* QuartzCore.framework */; };
		F4CD511B0B0C342100345D9E /* PlusMinusWidget.m in Sources */ = {isa = PBXBuildFile; fileRef = F4CD51190B0C342100345D9E /* PlusMinusWidget.m */; };
		F4CD51200B0C350300345D9E /* FieldImportance.m in Sources */ = {isa = PBXBuildFile; fileRef = F4CD511E0B0C350300345D9E /* FieldImportance.m */; };
		F4CF71F40D4704EE001001F2 /* QueryResultTable.m in Sources */ = {isa = PBXBuildFile; fileRef = F4CF71F30D4704EE001001F2 /* QueryResultTable.m */; };
		F4CF73E80D49BDDB001001F2 /* QueryResultCell.m in Sources */ = {isa = PBXBuildFile; fileRef = F4CF73E70D49BDDB001001F2 /* QueryResultCell.m */; };
		F4D4F5AB1623CD5D009CF3D4 /* dsa_pub.pem in Resources */ = {isa = PBXBuildFile; fileRef = F4D4F5AA1623CD5D009CF3D4 /* dsa_pub.pem */; };
		F4D6E18A0BD70DA200813881 /* EditableQueryResultWrapper.m in Sources */ = {isa = PBXBuildFile; fileRef = F4D6E1880BD70DA200813881 /* EditableQueryResultWrapper.m */; };
		F4D7831815D489B800D00BB9 /* MainMenu.xib in Resources */ = {isa = PBXBuildFile; fileRef = F4D7831615D489B800D00BB9 /* MainMenu.xib */; };
		F4D7831B15D48C8500D00BB9 /* Explorer.xib in Resources */ = {isa = PBXBuildFile; fileRef = F4D7831915D48C8500D00BB9 /* Explorer.xib */; };
		F4D7831E15D49F7B00D00BB9 /* AppDelegate.m in Sources */ = {isa = PBXBuildFile; fileRef = F4D7831D15D49F7B00D00BB9 /* AppDelegate.m */; };
		F4D7833415D5F46600D00BB9 /* BaseUserBasedController.m in Sources */ = {isa = PBXBuildFile; fileRef = F4D7833315D5F46600D00BB9 /* BaseUserBasedController.m */; };
		F4D7834615D82C8200D00BB9 /* Login.xib in Resources */ = {isa = PBXBuildFile; fileRef = F4D7834515D82C8200D00BB9 /* Login.xib */; };
		F4D7836B15D8814C00D00BB9 /* ZKDescribe_Reporting.m in Sources */ = {isa = PBXBuildFile; fileRef = F4D7836A15D8814C00D00BB9 /* ZKDescribe_Reporting.m */; };
		F4DD944B0AFEEC9400B0E3AC /* SchemaView.m in Sources */ = {isa = PBXBuildFile; fileRef = F4DD94490AFEEC9400B0E3AC /* SchemaView.m */; };
		F4DD94540AFEED9500B0E3AC /* SchemaController.m in Sources */ = {isa = PBXBuildFile; fileRef = F4DD94520AFEED9500B0E3AC /* SchemaController.m */; };
		F4DE40652562079100FBA200 /* QueryColumnsTest.m in Sources */ = {isa = PBXBuildFile; fileRef = F4DE40642562079100FBA200 /* QueryColumnsTest.m */; };
		F4DE40692562088B00FBA200 /* ZKSforce.framework in Frameworks */ = {isa = PBXBuildFile; fileRef = F4DE40682562088B00FBA200 /* ZKSforce.framework */; };
		F4E319492198ECE3009B8C4F /* querySavePanel.xib in Resources */ = {isa = PBXBuildFile; fileRef = F4E319432198ECE3009B8C4F /* querySavePanel.xib */; };
		F4E3194B2198ECE3009B8C4F /* ReportDocument.xib in Resources */ = {isa = PBXBuildFile; fileRef = F4E319472198ECE3009B8C4F /* ReportDocument.xib */; };
		F4E3194E2198EF4E009B8C4F /* ProgressWindow.xib in Resources */ = {isa = PBXBuildFile; fileRef = F4E3194C2198EF4E009B8C4F /* ProgressWindow.xib */; };
		F4E8BB10184EC7A6000E43B5 /* ZKDescribeThemeItem+ZKFindResource.m in Sources */ = {isa = PBXBuildFile; fileRef = F4E8BB0F184EC7A6000E43B5 /* ZKDescribeThemeItem+ZKFindResource.m */; };
		F4F75D940D4EFCEE00608927 /* QueryTextListView.m in Sources */ = {isa = PBXBuildFile; fileRef = F4F75D930D4EFCEE00608927 /* QueryTextListView.m */; };
		F4F897B4134CD84C00699880 /* libxml2.2.dylib in Frameworks */ = {isa = PBXBuildFile; fileRef = F4F897B3134CD84C00699880 /* libxml2.2.dylib */; };
		F4FAFB660F68CAFD00ECC9BB /* HighlightTextFieldCell.m in Sources */ = {isa = PBXBuildFile; fileRef = F4FAFB650F68CAFD00ECC9BB /* HighlightTextFieldCell.m */; };
		F4FCF8260B644DDD003C4A5C /* DetailsController.m in Sources */ = {isa = PBXBuildFile; fileRef = F4FCF8240B644DDD003C4A5C /* DetailsController.m */; };
		F4FDA6DA0B3916DE00A541E5 /* ReportDocument.m in Sources */ = {isa = PBXBuildFile; fileRef = F4FDA6D80B3916DE00A541E5 /* ReportDocument.m */; };
/* End PBXBuildFile section */

/* Begin PBXContainerItemProxy section */
		F45176F625672843006C7628 /* PBXContainerItemProxy */ = {
			isa = PBXContainerItemProxy;
			containerPortal = F4CA096621A1E8DE00CC9238 /* Fragaria.xcodeproj */;
			proxyType = 2;
			remoteGlobalIDString = 01919E23217D20A800E26B9D;
			remoteInfo = FragariaDefaultsCoordinator;
		};
		F45176F825672843006C7628 /* PBXContainerItemProxy */ = {
			isa = PBXContainerItemProxy;
			containerPortal = F4CA096621A1E8DE00CC9238 /* Fragaria.xcodeproj */;
			proxyType = 2;
			remoteGlobalIDString = 01919E2B217D20A800E26B9D;
			remoteInfo = FragariaDefaultsCoordinatorTests;
		};
		F4592CBD21A24A530042F2AD /* PBXContainerItemProxy */ = {
			isa = PBXContainerItemProxy;
			containerPortal = F4CA096621A1E8DE00CC9238 /* Fragaria.xcodeproj */;
			proxyType = 1;
			remoteGlobalIDString = AB69B62A118B745700903D1D;
			remoteInfo = Fragaria;
		};
		F4CA097121A1E8DE00CC9238 /* PBXContainerItemProxy */ = {
			isa = PBXContainerItemProxy;
			containerPortal = F4CA096621A1E8DE00CC9238 /* Fragaria.xcodeproj */;
			proxyType = 2;
			remoteGlobalIDString = D0C1464C1A87196200DDE90A;
			remoteInfo = "Fragaria Complex";
		};
		F4CA097321A1E8DE00CC9238 /* PBXContainerItemProxy */ = {
			isa = PBXContainerItemProxy;
			containerPortal = F4CA096621A1E8DE00CC9238 /* Fragaria.xcodeproj */;
			proxyType = 2;
			remoteGlobalIDString = AB648E2A11FB385700AEF7BD;
			remoteInfo = "Fragaria Doc";
		};
		F4CA097521A1E8DE00CC9238 /* PBXContainerItemProxy */ = {
			isa = PBXContainerItemProxy;
			containerPortal = F4CA096621A1E8DE00CC9238 /* Fragaria.xcodeproj */;
			proxyType = 2;
			remoteGlobalIDString = D0718B501AB551460073493A;
			remoteInfo = "Fragaria Prefs";
		};
		F4CA097721A1E8DE00CC9238 /* PBXContainerItemProxy */ = {
			isa = PBXContainerItemProxy;
			containerPortal = F4CA096621A1E8DE00CC9238 /* Fragaria.xcodeproj */;
			proxyType = 2;
			remoteGlobalIDString = ABCA4DAF16137FC000E4849B;
			remoteInfo = "Fragaria Simple";
		};
		F4CA097921A1E8DE00CC9238 /* PBXContainerItemProxy */ = {
			isa = PBXContainerItemProxy;
			containerPortal = F4CA096621A1E8DE00CC9238 /* Fragaria.xcodeproj */;
			proxyType = 2;
			remoteGlobalIDString = 01F0D6FC1C120F7D000A08B6;
			remoteInfo = "Fragaria Swift";
		};
		F4CA097B21A1E8DE00CC9238 /* PBXContainerItemProxy */ = {
			isa = PBXContainerItemProxy;
			containerPortal = F4CA096621A1E8DE00CC9238 /* Fragaria.xcodeproj */;
			proxyType = 2;
			remoteGlobalIDString = AB69B62B118B745700903D1D;
			remoteInfo = Fragaria;
		};
		F4CA097D21A1E8DE00CC9238 /* PBXContainerItemProxy */ = {
			isa = PBXContainerItemProxy;
			containerPortal = F4CA096621A1E8DE00CC9238 /* Fragaria.xcodeproj */;
			proxyType = 2;
			remoteGlobalIDString = D0E5210D1A90E34F005CB80B;
			remoteInfo = "Fragaria Tests";
		};
		F4DE4054256205D300FBA200 /* PBXContainerItemProxy */ = {
			isa = PBXContainerItemProxy;
			containerPortal = 29B97313FDCFA39411CA2CEA /* Project object */;
			proxyType = 1;
			remoteGlobalIDString = 8D1107260486CEB800E47090;
			remoteInfo = SoqlXplorer;
		};
/* End PBXContainerItemProxy section */

/* Begin PBXCopyFilesBuildPhase section */
		F451770225672DBE006C7628 /* Copy Syntax Definitions */ = {
			isa = PBXCopyFilesBuildPhase;
			buildActionMask = 2147483647;
			dstPath = "Syntax Definitions";
			dstSubfolderSpec = 7;
			files = (
				F451770425672E0B006C7628 /* apex.plist in Copy Syntax Definitions */,
			);
			name = "Copy Syntax Definitions";
			runOnlyForDeploymentPostprocessing = 0;
		};
		F4D9DD1A0AD8A13E0065EA2D /* CopyFiles */ = {
			isa = PBXCopyFilesBuildPhase;
			buildActionMask = 2147483647;
			dstPath = "";
			dstSubfolderSpec = 10;
			files = (
				F45176FB25672843006C7628 /* FragariaDefaultsCoordinator.framework in CopyFiles */,
				F4592CCA21AB8ADB0042F2AD /* Fragaria.framework in CopyFiles */,
			);
			runOnlyForDeploymentPostprocessing = 0;
		};
/* End PBXCopyFilesBuildPhase section */

/* Begin PBXFileReference section */
		1058C7A1FEA54F0111CA2CBB /* Cocoa.framework */ = {isa = PBXFileReference; lastKnownFileType = wrapper.framework; name = Cocoa.framework; path = /System/Library/Frameworks/Cocoa.framework; sourceTree = "<absolute>"; };
		13E42FB307B3F0F600E4EEF1 /* CoreData.framework */ = {isa = PBXFileReference; lastKnownFileType = wrapper.framework; name = CoreData.framework; path = /System/Library/Frameworks/CoreData.framework; sourceTree = "<absolute>"; };
		190BF657BA880DE3A8326501 /* Pods-SoqlXplorer.release.xcconfig */ = {isa = PBXFileReference; includeInIndex = 1; lastKnownFileType = text.xcconfig; name = "Pods-SoqlXplorer.release.xcconfig"; path = "Target Support Files/Pods-SoqlXplorer/Pods-SoqlXplorer.release.xcconfig"; sourceTree = "<group>"; };
		21E4B8D32EEB87E1463F1F48 /* Pods_SoqlXplorer.framework */ = {isa = PBXFileReference; explicitFileType = wrapper.framework; includeInIndex = 0; path = Pods_SoqlXplorer.framework; sourceTree = BUILT_PRODUCTS_DIR; };
		29B97316FDCFA39411CA2CEA /* main.m */ = {isa = PBXFileReference; fileEncoding = 4; lastKnownFileType = sourcecode.c.objc; path = main.m; sourceTree = "<group>"; };
		29B97324FDCFA39411CA2CEA /* AppKit.framework */ = {isa = PBXFileReference; lastKnownFileType = wrapper.framework; name = AppKit.framework; path = /System/Library/Frameworks/AppKit.framework; sourceTree = "<absolute>"; };
		29B97325FDCFA39411CA2CEA /* Foundation.framework */ = {isa = PBXFileReference; lastKnownFileType = wrapper.framework; name = Foundation.framework; path = /System/Library/Frameworks/Foundation.framework; sourceTree = "<absolute>"; };
		32CA4F630368D1EE00C91783 /* AppExplorer_Prefix.pch */ = {isa = PBXFileReference; explicitFileType = sourcecode.c.h; fileEncoding = 4; path = AppExplorer_Prefix.pch; sourceTree = "<group>"; };
		424BB7186AD49DBAAAD87F51 /* Pods-SoqlXplorerTests.release.xcconfig */ = {isa = PBXFileReference; includeInIndex = 1; lastKnownFileType = text.xcconfig; name = "Pods-SoqlXplorerTests.release.xcconfig"; path = "Target Support Files/Pods-SoqlXplorerTests/Pods-SoqlXplorerTests.release.xcconfig"; sourceTree = "<group>"; };
		5D5A96B45D611A7235D41491 /* Pods_SoqlXplorerTests.framework */ = {isa = PBXFileReference; explicitFileType = wrapper.framework; includeInIndex = 0; path = Pods_SoqlXplorerTests.framework; sourceTree = BUILT_PRODUCTS_DIR; };
		8645EEF3637151E34CF2C051 /* Pods-SoqlXplorer.debug.xcconfig */ = {isa = PBXFileReference; includeInIndex = 1; lastKnownFileType = text.xcconfig; name = "Pods-SoqlXplorer.debug.xcconfig"; path = "Target Support Files/Pods-SoqlXplorer/Pods-SoqlXplorer.debug.xcconfig"; sourceTree = "<group>"; };
		8D1107310486CEB800E47090 /* Info.plist */ = {isa = PBXFileReference; fileEncoding = 4; lastKnownFileType = text.plist; path = Info.plist; sourceTree = "<group>"; };
		8D1107320486CEB800E47090 /* SoqlXplorer.app */ = {isa = PBXFileReference; explicitFileType = wrapper.application; includeInIndex = 0; path = SoqlXplorer.app; sourceTree = BUILT_PRODUCTS_DIR; };
		D9545AAB5647FCCF37DF52D4 /* Pods-SoqlXplorerTests.debug.xcconfig */ = {isa = PBXFileReference; includeInIndex = 1; lastKnownFileType = text.xcconfig; name = "Pods-SoqlXplorerTests.debug.xcconfig"; path = "Target Support Files/Pods-SoqlXplorerTests/Pods-SoqlXplorerTests.debug.xcconfig"; sourceTree = "<group>"; };
		F4119DAC237BCED0003E3134 /* SoqlXplorer.entitlements */ = {isa = PBXFileReference; lastKnownFileType = text.plist.entitlements; path = SoqlXplorer.entitlements; sourceTree = "<group>"; };
		F412575A0B098593001622AC /* WeightedSObject.h */ = {isa = PBXFileReference; fileEncoding = 30; lastKnownFileType = sourcecode.c.h; path = WeightedSObject.h; sourceTree = "<group>"; };
		F412575B0B098593001622AC /* WeightedSObject.m */ = {isa = PBXFileReference; fileEncoding = 30; lastKnownFileType = sourcecode.c.objc; path = WeightedSObject.m; sourceTree = "<group>"; };
		F412DE1521B341D300D8889F /* SessionIdAuthInfo.h */ = {isa = PBXFileReference; lastKnownFileType = sourcecode.c.h; path = SessionIdAuthInfo.h; sourceTree = "<group>"; };
		F412DE1621B341D300D8889F /* SessionIdAuthInfo.m */ = {isa = PBXFileReference; lastKnownFileType = sourcecode.c.objc; path = SessionIdAuthInfo.m; sourceTree = "<group>"; };
		F413C6520AACABD5000A8CDC /* DataSources.h */ = {isa = PBXFileReference; fileEncoding = 4; lastKnownFileType = sourcecode.c.h; path = DataSources.h; sourceTree = "<group>"; };
		F413C6530AACABD5000A8CDC /* DataSources.m */ = {isa = PBXFileReference; fileEncoding = 4; lastKnownFileType = sourcecode.c.objc; path = DataSources.m; sourceTree = "<group>"; };
		F413C7250AACB9B4000A8CDC /* sf.icns */ = {isa = PBXFileReference; lastKnownFileType = image.icns; path = sf.icns; sourceTree = "<group>"; };
		F428A2D10F677BC3007BD862 /* BlueView.h */ = {isa = PBXFileReference; fileEncoding = 4; lastKnownFileType = sourcecode.c.h; path = BlueView.h; sourceTree = "<group>"; };
		F428A2D20F677BC3007BD862 /* BlueView.m */ = {isa = PBXFileReference; fileEncoding = 4; lastKnownFileType = sourcecode.c.objc; path = BlueView.m; sourceTree = "<group>"; };
		F4408FED2562F4C1005E8BB7 /* QueryColumns.h */ = {isa = PBXFileReference; lastKnownFileType = sourcecode.c.h; path = QueryColumns.h; sourceTree = "<group>"; };
		F4408FEE2562F4C1005E8BB7 /* QueryColumns.m */ = {isa = PBXFileReference; lastKnownFileType = sourcecode.c.objc; path = QueryColumns.m; sourceTree = "<group>"; };
		F44DAD4623418A6800EF8C44 /* en */ = {isa = PBXFileReference; lastKnownFileType = text.plist.strings; name = en; path = en.lproj/InfoPlist.strings; sourceTree = "<group>"; };
		F44FC9DF0E1EB69D00B5F70C /* ResultsSaver.h */ = {isa = PBXFileReference; fileEncoding = 4; lastKnownFileType = sourcecode.c.h; path = ResultsSaver.h; sourceTree = "<group>"; };
		F44FC9E00E1EB69D00B5F70C /* ResultsSaver.m */ = {isa = PBXFileReference; fileEncoding = 4; lastKnownFileType = sourcecode.c.objc; path = ResultsSaver.m; sourceTree = "<group>"; };
		F451770325672E0B006C7628 /* apex.plist */ = {isa = PBXFileReference; lastKnownFileType = text.plist.xml; name = apex.plist; path = "../Fragaria/Fragaria/Additional Syntax Definitions/apex.plist"; sourceTree = "<group>"; };
		F454D161126785EA00DC16D9 /* ApexController.h */ = {isa = PBXFileReference; fileEncoding = 4; lastKnownFileType = sourcecode.c.h; path = ApexController.h; sourceTree = "<group>"; };
		F454D162126785EA00DC16D9 /* ApexController.m */ = {isa = PBXFileReference; fileEncoding = 4; lastKnownFileType = sourcecode.c.objc; path = ApexController.m; sourceTree = "<group>"; };
		F454D2DE1267E0AF00DC16D9 /* redLight.png */ = {isa = PBXFileReference; lastKnownFileType = image.png; path = redLight.png; sourceTree = "<group>"; };
		F454D2DF1267E0AF00DC16D9 /* greenLight.png */ = {isa = PBXFileReference; lastKnownFileType = image.png; path = greenLight.png; sourceTree = "<group>"; };
		F458CEAF0AFF2442008A20A9 /* SObjectBox.h */ = {isa = PBXFileReference; fileEncoding = 4; lastKnownFileType = sourcecode.c.h; path = SObjectBox.h; sourceTree = "<group>"; };
		F458CEB00AFF2442008A20A9 /* SObjectBox.m */ = {isa = PBXFileReference; fileEncoding = 4; lastKnownFileType = sourcecode.c.objc; path = SObjectBox.m; sourceTree = "<group>"; };
		F45C7EDA0B5FDA5200F93DD7 /* SchemaProtocol.h */ = {isa = PBXFileReference; fileEncoding = 30; lastKnownFileType = sourcecode.c.h; path = SchemaProtocol.h; sourceTree = "<group>"; };
		F45C7EDB0B5FDA5200F93DD7 /* SchemaProtocol.m */ = {isa = PBXFileReference; fileEncoding = 30; lastKnownFileType = sourcecode.c.objc; path = SchemaProtocol.m; sourceTree = "<group>"; };
		F45C7EEA0B5FDB5F00F93DD7 /* WebKit.framework */ = {isa = PBXFileReference; lastKnownFileType = wrapper.framework; name = WebKit.framework; path = /System/Library/Frameworks/WebKit.framework; sourceTree = "<absolute>"; };
		F45DDFDB0AABBA6100ED0BA0 /* Explorer.m */ = {isa = PBXFileReference; fileEncoding = 30; lastKnownFileType = sourcecode.c.objc; path = Explorer.m; sourceTree = "<group>"; };
		F45DDFDC0AABBA6100ED0BA0 /* Explorer.h */ = {isa = PBXFileReference; fileEncoding = 30; lastKnownFileType = sourcecode.c.h; path = Explorer.h; sourceTree = "<group>"; };
		F46D91000B33DFC800913AD2 /* StandAloneTableHeaderView.h */ = {isa = PBXFileReference; fileEncoding = 30; lastKnownFileType = sourcecode.c.h; name = StandAloneTableHeaderView.h; path = ../common/StandAloneTableHeaderView.h; sourceTree = SOURCE_ROOT; };
		F46D91010B33DFC800913AD2 /* StandAloneTableHeaderView.m */ = {isa = PBXFileReference; fileEncoding = 30; lastKnownFileType = sourcecode.c.objc; name = StandAloneTableHeaderView.m; path = ../common/StandAloneTableHeaderView.m; sourceTree = SOURCE_ROOT; };
		F48B6B8A1969E68700496C82 /* Prefs.h */ = {isa = PBXFileReference; fileEncoding = 4; lastKnownFileType = sourcecode.c.h; path = Prefs.h; sourceTree = "<group>"; };
		F48B6B8B1969E68700496C82 /* Prefs.m */ = {isa = PBXFileReference; fileEncoding = 4; lastKnownFileType = sourcecode.c.objc; path = Prefs.m; sourceTree = "<group>"; };
		F494FA3F0F7EFE22001216EC /* RRCausticColorMatcher.h */ = {isa = PBXFileReference; fileEncoding = 4; lastKnownFileType = sourcecode.c.h; name = RRCausticColorMatcher.h; path = ../common/RRCausticColorMatcher.h; sourceTree = SOURCE_ROOT; };
		F494FA400F7EFE22001216EC /* RRCausticColorMatcher.m */ = {isa = PBXFileReference; fileEncoding = 4; lastKnownFileType = sourcecode.c.objc; name = RRCausticColorMatcher.m; path = ../common/RRCausticColorMatcher.m; sourceTree = SOURCE_ROOT; };
		F494FA410F7EFE22001216EC /* RRExponentialFunction.h */ = {isa = PBXFileReference; fileEncoding = 4; lastKnownFileType = sourcecode.c.h; name = RRExponentialFunction.h; path = ../common/RRExponentialFunction.h; sourceTree = SOURCE_ROOT; };
		F494FA420F7EFE22001216EC /* RRExponentialFunction.m */ = {isa = PBXFileReference; fileEncoding = 4; lastKnownFileType = sourcecode.c.objc; name = RRExponentialFunction.m; path = ../common/RRExponentialFunction.m; sourceTree = SOURCE_ROOT; };
		F494FA430F7EFE22001216EC /* RRGlossCausticShader.h */ = {isa = PBXFileReference; fileEncoding = 4; lastKnownFileType = sourcecode.c.h; name = RRGlossCausticShader.h; path = ../common/RRGlossCausticShader.h; sourceTree = SOURCE_ROOT; };
		F494FA440F7EFE22001216EC /* RRGlossCausticShader.m */ = {isa = PBXFileReference; fileEncoding = 4; lastKnownFileType = sourcecode.c.objc; name = RRGlossCausticShader.m; path = ../common/RRGlossCausticShader.m; sourceTree = SOURCE_ROOT; };
		F494FA450F7EFE22001216EC /* RRLuminanceFromRGBComponents.h */ = {isa = PBXFileReference; fileEncoding = 4; lastKnownFileType = sourcecode.c.h; name = RRLuminanceFromRGBComponents.h; path = ../common/RRLuminanceFromRGBComponents.h; sourceTree = SOURCE_ROOT; };
		F494FA460F7EFE22001216EC /* RRLuminanceFromRGBComponents.m */ = {isa = PBXFileReference; fileEncoding = 4; lastKnownFileType = sourcecode.c.objc; name = RRLuminanceFromRGBComponents.m; path = ../common/RRLuminanceFromRGBComponents.m; sourceTree = SOURCE_ROOT; };
		F49741EE0D554DB500DD77F4 /* QueryListController.h */ = {isa = PBXFileReference; fileEncoding = 4; lastKnownFileType = sourcecode.c.h; path = QueryListController.h; sourceTree = "<group>"; };
		F49741EF0D554DB500DD77F4 /* QueryListController.m */ = {isa = PBXFileReference; fileEncoding = 4; lastKnownFileType = sourcecode.c.objc; path = QueryListController.m; sourceTree = "<group>"; };
		F4A62E2D0D31AC6300D7EACA /* NSView_additions.h */ = {isa = PBXFileReference; fileEncoding = 4; lastKnownFileType = sourcecode.c.h; path = NSView_additions.h; sourceTree = "<group>"; };
		F4A62E2E0D31AC6300D7EACA /* NSView_additions.m */ = {isa = PBXFileReference; fileEncoding = 4; lastKnownFileType = sourcecode.c.objc; path = NSView_additions.m; sourceTree = "<group>"; };
		F4AC555915996D8500F5CA45 /* zkApexClient.h */ = {isa = PBXFileReference; fileEncoding = 4; lastKnownFileType = sourcecode.c.h; name = zkApexClient.h; path = ../apexforce/zkApexClient.h; sourceTree = "<group>"; };
		F4AC555A15996D8500F5CA45 /* zkApexClient.m */ = {isa = PBXFileReference; fileEncoding = 4; lastKnownFileType = sourcecode.c.objc; name = zkApexClient.m; path = ../apexforce/zkApexClient.m; sourceTree = "<group>"; };
		F4AC555B15996D8500F5CA45 /* ZKCodeCoverageResult.h */ = {isa = PBXFileReference; fileEncoding = 4; lastKnownFileType = sourcecode.c.h; name = ZKCodeCoverageResult.h; path = ../apexforce/ZKCodeCoverageResult.h; sourceTree = "<group>"; };
		F4AC555C15996D8500F5CA45 /* ZKCodeCoverageResult.m */ = {isa = PBXFileReference; fileEncoding = 4; lastKnownFileType = sourcecode.c.objc; name = ZKCodeCoverageResult.m; path = ../apexforce/ZKCodeCoverageResult.m; sourceTree = "<group>"; };
		F4AC555D15996D8500F5CA45 /* ZKCodeLocation.h */ = {isa = PBXFileReference; fileEncoding = 4; lastKnownFileType = sourcecode.c.h; name = ZKCodeLocation.h; path = ../apexforce/ZKCodeLocation.h; sourceTree = "<group>"; };
		F4AC555E15996D8500F5CA45 /* ZKCodeLocation.m */ = {isa = PBXFileReference; fileEncoding = 4; lastKnownFileType = sourcecode.c.objc; name = ZKCodeLocation.m; path = ../apexforce/ZKCodeLocation.m; sourceTree = "<group>"; };
		F4AC555F15996D8500F5CA45 /* ZKCompileResult.h */ = {isa = PBXFileReference; fileEncoding = 4; lastKnownFileType = sourcecode.c.h; name = ZKCompileResult.h; path = ../apexforce/ZKCompileResult.h; sourceTree = "<group>"; };
		F4AC556015996D8500F5CA45 /* ZKCompileResult.m */ = {isa = PBXFileReference; fileEncoding = 4; lastKnownFileType = sourcecode.c.objc; name = ZKCompileResult.m; path = ../apexforce/ZKCompileResult.m; sourceTree = "<group>"; };
		F4AC556115996D8500F5CA45 /* zkExecuteAnonResult.h */ = {isa = PBXFileReference; fileEncoding = 4; lastKnownFileType = sourcecode.c.h; name = zkExecuteAnonResult.h; path = ../apexforce/zkExecuteAnonResult.h; sourceTree = "<group>"; };
		F4AC556215996D8500F5CA45 /* zkExecuteAnonResult.m */ = {isa = PBXFileReference; fileEncoding = 4; lastKnownFileType = sourcecode.c.objc; name = zkExecuteAnonResult.m; path = ../apexforce/zkExecuteAnonResult.m; sourceTree = "<group>"; };
		F4AC556315996D8500F5CA45 /* ZKRunTestFailure.h */ = {isa = PBXFileReference; fileEncoding = 4; lastKnownFileType = sourcecode.c.h; name = ZKRunTestFailure.h; path = ../apexforce/ZKRunTestFailure.h; sourceTree = "<group>"; };
		F4AC556415996D8500F5CA45 /* ZKRunTestFailure.m */ = {isa = PBXFileReference; fileEncoding = 4; lastKnownFileType = sourcecode.c.objc; name = ZKRunTestFailure.m; path = ../apexforce/ZKRunTestFailure.m; sourceTree = "<group>"; };
		F4AC556515996D8500F5CA45 /* zkRunTestResult.h */ = {isa = PBXFileReference; fileEncoding = 4; lastKnownFileType = sourcecode.c.h; name = zkRunTestResult.h; path = ../apexforce/zkRunTestResult.h; sourceTree = "<group>"; };
		F4AC556615996D8500F5CA45 /* zkRunTestResult.m */ = {isa = PBXFileReference; fileEncoding = 4; lastKnownFileType = sourcecode.c.objc; name = zkRunTestResult.m; path = ../apexforce/zkRunTestResult.m; sourceTree = "<group>"; };
		F4B461FD0F79EB850099C434 /* FieldResizer.h */ = {isa = PBXFileReference; fileEncoding = 4; lastKnownFileType = sourcecode.c.h; path = FieldResizer.h; sourceTree = "<group>"; };
		F4B461FE0F79EB850099C434 /* FieldResizer.m */ = {isa = PBXFileReference; fileEncoding = 4; lastKnownFileType = sourcecode.c.objc; path = FieldResizer.m; sourceTree = "<group>"; };
		F4B58B451D31D21200D62683 /* ZKTextView.h */ = {isa = PBXFileReference; fileEncoding = 4; lastKnownFileType = sourcecode.c.h; path = ZKTextView.h; sourceTree = "<group>"; };
		F4B58B461D31D21200D62683 /* ZKTextView.m */ = {isa = PBXFileReference; fileEncoding = 4; lastKnownFileType = sourcecode.c.objc; path = ZKTextView.m; sourceTree = "<group>"; };
		F4B8AFC518A8540800FE114F /* IconProvider.h */ = {isa = PBXFileReference; fileEncoding = 4; lastKnownFileType = sourcecode.c.h; path = IconProvider.h; sourceTree = "<group>"; };
		F4B8DFE70B61EB8900DDD00A /* report.css */ = {isa = PBXFileReference; fileEncoding = 30; lastKnownFileType = text; name = report.css; path = templates/report.css; sourceTree = "<group>"; };
		F4B8DFF40B61F4B900DDD00A /* key_b.png */ = {isa = PBXFileReference; lastKnownFileType = image.png; name = key_b.png; path = templates/key_b.png; sourceTree = "<group>"; };
		F4B8DFF50B61F4B900DDD00A /* key_r.png */ = {isa = PBXFileReference; lastKnownFileType = image.png; name = key_r.png; path = templates/key_r.png; sourceTree = "<group>"; };
		F4BAD5740AF717D200E335DF /* Security.framework */ = {isa = PBXFileReference; lastKnownFileType = wrapper.framework; name = Security.framework; path = /System/Library/Frameworks/Security.framework; sourceTree = "<absolute>"; };
		F4BBAA142186C3E100647C27 /* Media.xcassets */ = {isa = PBXFileReference; lastKnownFileType = folder.assetcatalog; path = Media.xcassets; sourceTree = "<group>"; };
		F4BF72A50F79E58C0089F459 /* NSWindow_additions.h */ = {isa = PBXFileReference; fileEncoding = 4; lastKnownFileType = sourcecode.c.h; name = NSWindow_additions.h; path = ../common/NSWindow_additions.h; sourceTree = SOURCE_ROOT; };
		F4BF72A60F79E58C0089F459 /* NSWindow_additions.m */ = {isa = PBXFileReference; fileEncoding = 4; lastKnownFileType = sourcecode.c.objc; name = NSWindow_additions.m; path = ../common/NSWindow_additions.m; sourceTree = SOURCE_ROOT; };
		F4C440C815DB50BC00590A1E /* SearchQueryResult.h */ = {isa = PBXFileReference; fileEncoding = 4; lastKnownFileType = sourcecode.c.h; path = SearchQueryResult.h; sourceTree = "<group>"; };
		F4C440C915DB50BC00590A1E /* SearchQueryResult.m */ = {isa = PBXFileReference; fileEncoding = 4; lastKnownFileType = sourcecode.c.objc; path = SearchQueryResult.m; sourceTree = "<group>"; };
		F4C877F80F395DB4000075D4 /* ProgressController.h */ = {isa = PBXFileReference; fileEncoding = 4; lastKnownFileType = sourcecode.c.h; path = ProgressController.h; sourceTree = "<group>"; };
		F4C877F90F395DB4000075D4 /* ProgressController.m */ = {isa = PBXFileReference; fileEncoding = 4; lastKnownFileType = sourcecode.c.objc; path = ProgressController.m; sourceTree = "<group>"; };
		F4C878B60F3964BD000075D4 /* BulkDelete.h */ = {isa = PBXFileReference; fileEncoding = 4; lastKnownFileType = sourcecode.c.h; path = BulkDelete.h; sourceTree = "<group>"; };
		F4C878B70F3964BD000075D4 /* BulkDelete.m */ = {isa = PBXFileReference; fileEncoding = 4; lastKnownFileType = sourcecode.c.objc; path = BulkDelete.m; sourceTree = "<group>"; };
		F4C8BF322197C5740000E312 /* Credits.rtf */ = {isa = PBXFileReference; lastKnownFileType = text.rtf; path = Credits.rtf; sourceTree = "<group>"; };
		F4C8BF342197CD820000E312 /* Base */ = {isa = PBXFileReference; lastKnownFileType = file.xib; name = Base; path = Base.lproj/MainMenu.xib; sourceTree = "<group>"; };
		F4C8BF352197CD820000E312 /* Base */ = {isa = PBXFileReference; lastKnownFileType = file.xib; name = Base; path = Base.lproj/Explorer.xib; sourceTree = "<group>"; };
		F4CA096621A1E8DE00CC9238 /* Fragaria.xcodeproj */ = {isa = PBXFileReference; lastKnownFileType = "wrapper.pb-project"; name = Fragaria.xcodeproj; path = ../Fragaria/Fragaria.xcodeproj; sourceTree = "<group>"; };
		F4CD2AB51B76881500BDD68D /* NSTableView_additions.h */ = {isa = PBXFileReference; fileEncoding = 4; lastKnownFileType = sourcecode.c.h; path = NSTableView_additions.h; sourceTree = "<group>"; };
		F4CD2AB61B76881500BDD68D /* NSTableView_additions.m */ = {isa = PBXFileReference; fileEncoding = 4; lastKnownFileType = sourcecode.c.objc; path = NSTableView_additions.m; sourceTree = "<group>"; };
		F4CD3DAA0B85701100084479 /* ZKLoginController.h */ = {isa = PBXFileReference; fileEncoding = 30; lastKnownFileType = sourcecode.c.h; name = ZKLoginController.h; path = ../common/ZKLoginController.h; sourceTree = SOURCE_ROOT; };
		F4CD3DAB0B85701100084479 /* ZKLoginController.m */ = {isa = PBXFileReference; fileEncoding = 30; lastKnownFileType = sourcecode.c.objc; name = ZKLoginController.m; path = ../common/ZKLoginController.m; sourceTree = SOURCE_ROOT; };
		F4CD3DB70B8572DB00084479 /* credential.h */ = {isa = PBXFileReference; fileEncoding = 30; lastKnownFileType = sourcecode.c.h; name = credential.h; path = ../common/credential.h; sourceTree = SOURCE_ROOT; };
		F4CD3DB80B8572DB00084479 /* credential.m */ = {isa = PBXFileReference; fileEncoding = 30; lastKnownFileType = sourcecode.c.objc; name = credential.m; path = ../common/credential.m; sourceTree = SOURCE_ROOT; };
		F4CD50760B0C18BC00345D9E /* QuartzCore.framework */ = {isa = PBXFileReference; lastKnownFileType = wrapper.framework; name = QuartzCore.framework; path = /System/Library/Frameworks/QuartzCore.framework; sourceTree = "<absolute>"; };
		F4CD51180B0C342100345D9E /* PlusMinusWidget.h */ = {isa = PBXFileReference; fileEncoding = 4; lastKnownFileType = sourcecode.c.h; path = PlusMinusWidget.h; sourceTree = "<group>"; };
		F4CD51190B0C342100345D9E /* PlusMinusWidget.m */ = {isa = PBXFileReference; fileEncoding = 4; lastKnownFileType = sourcecode.c.objc; path = PlusMinusWidget.m; sourceTree = "<group>"; };
		F4CD511D0B0C350300345D9E /* FieldImportance.h */ = {isa = PBXFileReference; fileEncoding = 4; lastKnownFileType = sourcecode.c.h; path = FieldImportance.h; sourceTree = "<group>"; };
		F4CD511E0B0C350300345D9E /* FieldImportance.m */ = {isa = PBXFileReference; fileEncoding = 4; lastKnownFileType = sourcecode.c.objc; path = FieldImportance.m; sourceTree = "<group>"; };
		F4CD51230B0C35EF00345D9E /* SObjectViewMode.h */ = {isa = PBXFileReference; fileEncoding = 4; lastKnownFileType = sourcecode.c.h; path = SObjectViewMode.h; sourceTree = "<group>"; };
		F4CF71F20D4704EE001001F2 /* QueryResultTable.h */ = {isa = PBXFileReference; fileEncoding = 4; lastKnownFileType = sourcecode.c.h; path = QueryResultTable.h; sourceTree = "<group>"; };
		F4CF71F30D4704EE001001F2 /* QueryResultTable.m */ = {isa = PBXFileReference; fileEncoding = 4; lastKnownFileType = sourcecode.c.objc; path = QueryResultTable.m; sourceTree = "<group>"; };
		F4CF73E60D49BDDB001001F2 /* QueryResultCell.h */ = {isa = PBXFileReference; fileEncoding = 4; lastKnownFileType = sourcecode.c.h; path = QueryResultCell.h; sourceTree = "<group>"; };
		F4CF73E70D49BDDB001001F2 /* QueryResultCell.m */ = {isa = PBXFileReference; fileEncoding = 4; lastKnownFileType = sourcecode.c.objc; path = QueryResultCell.m; sourceTree = "<group>"; };
		F4D4F5AA1623CD5D009CF3D4 /* dsa_pub.pem */ = {isa = PBXFileReference; fileEncoding = 4; lastKnownFileType = text; path = dsa_pub.pem; sourceTree = "<group>"; };
		F4D6E1870BD70DA200813881 /* EditableQueryResultWrapper.h */ = {isa = PBXFileReference; fileEncoding = 4; lastKnownFileType = sourcecode.c.h; path = EditableQueryResultWrapper.h; sourceTree = "<group>"; };
		F4D6E1880BD70DA200813881 /* EditableQueryResultWrapper.m */ = {isa = PBXFileReference; fileEncoding = 4; lastKnownFileType = sourcecode.c.objc; path = EditableQueryResultWrapper.m; sourceTree = "<group>"; };
		F4D7831C15D49F7B00D00BB9 /* AppDelegate.h */ = {isa = PBXFileReference; fileEncoding = 4; lastKnownFileType = sourcecode.c.h; path = AppDelegate.h; sourceTree = "<group>"; };
		F4D7831D15D49F7B00D00BB9 /* AppDelegate.m */ = {isa = PBXFileReference; fileEncoding = 4; lastKnownFileType = sourcecode.c.objc; path = AppDelegate.m; sourceTree = "<group>"; };
		F4D7833215D5F46600D00BB9 /* BaseUserBasedController.h */ = {isa = PBXFileReference; fileEncoding = 4; lastKnownFileType = sourcecode.c.h; path = BaseUserBasedController.h; sourceTree = "<group>"; };
		F4D7833315D5F46600D00BB9 /* BaseUserBasedController.m */ = {isa = PBXFileReference; fileEncoding = 4; lastKnownFileType = sourcecode.c.objc; path = BaseUserBasedController.m; sourceTree = "<group>"; };
		F4D7834515D82C8200D00BB9 /* Login.xib */ = {isa = PBXFileReference; fileEncoding = 4; lastKnownFileType = file.xib; name = Login.xib; path = ../common/Login.xib; sourceTree = "<group>"; };
		F4D7836915D8814C00D00BB9 /* ZKDescribe_Reporting.h */ = {isa = PBXFileReference; fileEncoding = 4; lastKnownFileType = sourcecode.c.h; path = ZKDescribe_Reporting.h; sourceTree = "<group>"; };
		F4D7836A15D8814C00D00BB9 /* ZKDescribe_Reporting.m */ = {isa = PBXFileReference; fileEncoding = 4; lastKnownFileType = sourcecode.c.objc; path = ZKDescribe_Reporting.m; sourceTree = "<group>"; };
		F4DD94480AFEEC9400B0E3AC /* SchemaView.h */ = {isa = PBXFileReference; fileEncoding = 4; lastKnownFileType = sourcecode.c.h; path = SchemaView.h; sourceTree = "<group>"; };
		F4DD94490AFEEC9400B0E3AC /* SchemaView.m */ = {isa = PBXFileReference; fileEncoding = 4; lastKnownFileType = sourcecode.c.objc; path = SchemaView.m; sourceTree = "<group>"; };
		F4DD94510AFEED9500B0E3AC /* SchemaController.h */ = {isa = PBXFileReference; fileEncoding = 30; lastKnownFileType = sourcecode.c.h; path = SchemaController.h; sourceTree = "<group>"; };
		F4DD94520AFEED9500B0E3AC /* SchemaController.m */ = {isa = PBXFileReference; fileEncoding = 30; lastKnownFileType = sourcecode.c.objc; path = SchemaController.m; sourceTree = "<group>"; };
		F4DE404F256205D300FBA200 /* SoqlXplorerTests.xctest */ = {isa = PBXFileReference; explicitFileType = wrapper.cfbundle; includeInIndex = 0; path = SoqlXplorerTests.xctest; sourceTree = BUILT_PRODUCTS_DIR; };
		F4DE4053256205D300FBA200 /* Info.plist */ = {isa = PBXFileReference; lastKnownFileType = text.plist.xml; path = Info.plist; sourceTree = "<group>"; };
		F4DE40642562079100FBA200 /* QueryColumnsTest.m */ = {isa = PBXFileReference; lastKnownFileType = sourcecode.c.objc; path = QueryColumnsTest.m; sourceTree = "<group>"; };
		F4DE40682562088B00FBA200 /* ZKSforce.framework */ = {isa = PBXFileReference; explicitFileType = wrapper.framework; path = ZKSforce.framework; sourceTree = BUILT_PRODUCTS_DIR; };
		F4E319442198ECE3009B8C4F /* Base */ = {isa = PBXFileReference; lastKnownFileType = file.xib; name = Base; path = Base.lproj/querySavePanel.xib; sourceTree = "<group>"; };
		F4E319482198ECE3009B8C4F /* Base */ = {isa = PBXFileReference; lastKnownFileType = file.xib; name = Base; path = Base.lproj/ReportDocument.xib; sourceTree = "<group>"; };
		F4E3194D2198EF4E009B8C4F /* Base */ = {isa = PBXFileReference; lastKnownFileType = file.xib; name = Base; path = Base.lproj/ProgressWindow.xib; sourceTree = "<group>"; };
		F4E8BB0E184EC7A6000E43B5 /* ZKDescribeThemeItem+ZKFindResource.h */ = {isa = PBXFileReference; fileEncoding = 4; lastKnownFileType = sourcecode.c.h; path = "ZKDescribeThemeItem+ZKFindResource.h"; sourceTree = "<group>"; };
		F4E8BB0F184EC7A6000E43B5 /* ZKDescribeThemeItem+ZKFindResource.m */ = {isa = PBXFileReference; fileEncoding = 4; lastKnownFileType = sourcecode.c.objc; path = "ZKDescribeThemeItem+ZKFindResource.m"; sourceTree = "<group>"; };
		F4F75D920D4EFCEE00608927 /* QueryTextListView.h */ = {isa = PBXFileReference; fileEncoding = 4; lastKnownFileType = sourcecode.c.h; path = QueryTextListView.h; sourceTree = "<group>"; };
		F4F75D930D4EFCEE00608927 /* QueryTextListView.m */ = {isa = PBXFileReference; fileEncoding = 4; lastKnownFileType = sourcecode.c.objc; path = QueryTextListView.m; sourceTree = "<group>"; };
		F4F897B3134CD84C00699880 /* libxml2.2.dylib */ = {isa = PBXFileReference; lastKnownFileType = "compiled.mach-o.dylib"; name = libxml2.2.dylib; path = ../../../../../usr/lib/libxml2.2.dylib; sourceTree = "<group>"; };
		F4FAFB640F68CAFD00ECC9BB /* HighlightTextFieldCell.h */ = {isa = PBXFileReference; fileEncoding = 4; lastKnownFileType = sourcecode.c.h; path = HighlightTextFieldCell.h; sourceTree = "<group>"; };
		F4FAFB650F68CAFD00ECC9BB /* HighlightTextFieldCell.m */ = {isa = PBXFileReference; fileEncoding = 4; lastKnownFileType = sourcecode.c.objc; path = HighlightTextFieldCell.m; sourceTree = "<group>"; };
		F4FCF8230B644DDD003C4A5C /* DetailsController.h */ = {isa = PBXFileReference; fileEncoding = 4; lastKnownFileType = sourcecode.c.h; path = DetailsController.h; sourceTree = "<group>"; };
		F4FCF8240B644DDD003C4A5C /* DetailsController.m */ = {isa = PBXFileReference; fileEncoding = 4; lastKnownFileType = sourcecode.c.objc; path = DetailsController.m; sourceTree = "<group>"; };
		F4FDA6D80B3916DE00A541E5 /* ReportDocument.m */ = {isa = PBXFileReference; fileEncoding = 30; lastKnownFileType = sourcecode.c.objc; path = ReportDocument.m; sourceTree = "<group>"; };
		F4FDA6D90B3916DE00A541E5 /* ReportDocument.h */ = {isa = PBXFileReference; fileEncoding = 30; lastKnownFileType = sourcecode.c.h; path = ReportDocument.h; sourceTree = "<group>"; };
/* End PBXFileReference section */

/* Begin PBXFrameworksBuildPhase section */
		8D11072E0486CEB800E47090 /* Frameworks */ = {
			isa = PBXFrameworksBuildPhase;
			buildActionMask = 2147483647;
			files = (
				F4592CBF21A24A8C0042F2AD /* Fragaria.framework in Frameworks */,
				F4F897B4134CD84C00699880 /* libxml2.2.dylib in Frameworks */,
				F45176FA25672843006C7628 /* FragariaDefaultsCoordinator.framework in Frameworks */,
				8D11072F0486CEB800E47090 /* Cocoa.framework in Frameworks */,
				F4BAD5750AF717D200E335DF /* Security.framework in Frameworks */,
				F4CD50770B0C18BC00345D9E /* QuartzCore.framework in Frameworks */,
				F45C7EEB0B5FDB5F00F93DD7 /* WebKit.framework in Frameworks */,
				F45229BE997B42C97906B069 /* Pods_SoqlXplorer.framework in Frameworks */,
			);
			runOnlyForDeploymentPostprocessing = 0;
		};
		F4DE404C256205D300FBA200 /* Frameworks */ = {
			isa = PBXFrameworksBuildPhase;
			buildActionMask = 2147483647;
			files = (
				F4DE40692562088B00FBA200 /* ZKSforce.framework in Frameworks */,
				DFE42AEE94210F1BB1E1DFCD /* Pods_SoqlXplorerTests.framework in Frameworks */,
			);
			runOnlyForDeploymentPostprocessing = 0;
		};
/* End PBXFrameworksBuildPhase section */

/* Begin PBXGroup section */
		080E96DDFE201D6D7F000001 /* Classes */ = {
			isa = PBXGroup;
			children = (
				F454D161126785EA00DC16D9 /* ApexController.h */,
				F454D162126785EA00DC16D9 /* ApexController.m */,
				F4D7831C15D49F7B00D00BB9 /* AppDelegate.h */,
				F4D7831D15D49F7B00D00BB9 /* AppDelegate.m */,
				F4D7833215D5F46600D00BB9 /* BaseUserBasedController.h */,
				F4D7833315D5F46600D00BB9 /* BaseUserBasedController.m */,
				F4C878B60F3964BD000075D4 /* BulkDelete.h */,
				F4C878B70F3964BD000075D4 /* BulkDelete.m */,
				F4CD3DB70B8572DB00084479 /* credential.h */,
				F4CD3DB80B8572DB00084479 /* credential.m */,
				F413C6520AACABD5000A8CDC /* DataSources.h */,
				F413C6530AACABD5000A8CDC /* DataSources.m */,
				F4FCF8230B644DDD003C4A5C /* DetailsController.h */,
				F4FCF8240B644DDD003C4A5C /* DetailsController.m */,
				F4D6E1870BD70DA200813881 /* EditableQueryResultWrapper.h */,
				F4D6E1880BD70DA200813881 /* EditableQueryResultWrapper.m */,
				F45DDFDC0AABBA6100ED0BA0 /* Explorer.h */,
				F45DDFDB0AABBA6100ED0BA0 /* Explorer.m */,
				F494FA3C0F7EFDD2001216EC /* GlossShader */,
				F4B8AFC518A8540800FE114F /* IconProvider.h */,
				F48B6B8A1969E68700496C82 /* Prefs.h */,
				F48B6B8B1969E68700496C82 /* Prefs.m */,
				F4C877F80F395DB4000075D4 /* ProgressController.h */,
				F4C877F90F395DB4000075D4 /* ProgressController.m */,
				F49741EE0D554DB500DD77F4 /* QueryListController.h */,
				F49741EF0D554DB500DD77F4 /* QueryListController.m */,
				F4408FED2562F4C1005E8BB7 /* QueryColumns.h */,
				F4408FEE2562F4C1005E8BB7 /* QueryColumns.m */,
				F4CF71F20D4704EE001001F2 /* QueryResultTable.h */,
				F4CF71F30D4704EE001001F2 /* QueryResultTable.m */,
				F44FC9DF0E1EB69D00B5F70C /* ResultsSaver.h */,
				F44FC9E00E1EB69D00B5F70C /* ResultsSaver.m */,
				F4FDA6CA0B39162300A541E5 /* SchemaReportClasses */,
				F4D034D20F3AB99900D0A7EA /* schemaView */,
				F4C440C815DB50BC00590A1E /* SearchQueryResult.h */,
				F4C440C915DB50BC00590A1E /* SearchQueryResult.m */,
				F412DE1521B341D300D8889F /* SessionIdAuthInfo.h */,
				F412DE1621B341D300D8889F /* SessionIdAuthInfo.m */,
				F41257530B0981AB001622AC /* UI Widgets */,
				F4E8BB0E184EC7A6000E43B5 /* ZKDescribeThemeItem+ZKFindResource.h */,
				F4E8BB0F184EC7A6000E43B5 /* ZKDescribeThemeItem+ZKFindResource.m */,
				F4CD3DAA0B85701100084479 /* ZKLoginController.h */,
				F4CD3DAB0B85701100084479 /* ZKLoginController.m */,
			);
			name = Classes;
			sourceTree = "<group>";
		};
		1058C7A0FEA54F0111CA2CBB /* Linked Frameworks */ = {
			isa = PBXGroup;
			children = (
				F45C7EEA0B5FDB5F00F93DD7 /* WebKit.framework */,
				F4CD50760B0C18BC00345D9E /* QuartzCore.framework */,
				F4BAD5740AF717D200E335DF /* Security.framework */,
				1058C7A1FEA54F0111CA2CBB /* Cocoa.framework */,
			);
			name = "Linked Frameworks";
			sourceTree = "<group>";
		};
		1058C7A2FEA54F0111CA2CBB /* Other Frameworks */ = {
			isa = PBXGroup;
			children = (
				29B97324FDCFA39411CA2CEA /* AppKit.framework */,
				13E42FB307B3F0F600E4EEF1 /* CoreData.framework */,
				29B97325FDCFA39411CA2CEA /* Foundation.framework */,
			);
			name = "Other Frameworks";
			sourceTree = "<group>";
		};
		19C28FACFE9D520D11CA2CBB /* Products */ = {
			isa = PBXGroup;
			children = (
				8D1107320486CEB800E47090 /* SoqlXplorer.app */,
				F4DE404F256205D300FBA200 /* SoqlXplorerTests.xctest */,
			);
			name = Products;
			sourceTree = "<group>";
		};
		29B97314FDCFA39411CA2CEA /* AppExplorer */ = {
			isa = PBXGroup;
			children = (
				F451770325672E0B006C7628 /* apex.plist */,
				F4119DAC237BCED0003E3134 /* SoqlXplorer.entitlements */,
				F4CA096621A1E8DE00CC9238 /* Fragaria.xcodeproj */,
				F4F897B3134CD84C00699880 /* libxml2.2.dylib */,
				F454D13E12677F9500DC16D9 /* sforce apex */,
				080E96DDFE201D6D7F000001 /* Classes */,
				29B97315FDCFA39411CA2CEA /* Other Sources */,
				29B97317FDCFA39411CA2CEA /* Resources */,
				F4DE4050256205D300FBA200 /* SoqlXplorerTests */,
				29B97323FDCFA39411CA2CEA /* Frameworks */,
				19C28FACFE9D520D11CA2CBB /* Products */,
				85C79E27EE4D6B545D0AE931 /* Pods */,
			);
			name = AppExplorer;
			sourceTree = "<group>";
		};
		29B97315FDCFA39411CA2CEA /* Other Sources */ = {
			isa = PBXGroup;
			children = (
				32CA4F630368D1EE00C91783 /* AppExplorer_Prefix.pch */,
				29B97316FDCFA39411CA2CEA /* main.m */,
			);
			name = "Other Sources";
			sourceTree = "<group>";
		};
		29B97317FDCFA39411CA2CEA /* Resources */ = {
			isa = PBXGroup;
			children = (
				F4E3194C2198EF4E009B8C4F /* ProgressWindow.xib */,
				F4E319432198ECE3009B8C4F /* querySavePanel.xib */,
				F4E319472198ECE3009B8C4F /* ReportDocument.xib */,
				F4D7831615D489B800D00BB9 /* MainMenu.xib */,
				F4D7831915D48C8500D00BB9 /* Explorer.xib */,
				F4BBAA142186C3E100647C27 /* Media.xcassets */,
				F4C8BF322197C5740000E312 /* Credits.rtf */,
				F4D4F5AA1623CD5D009CF3D4 /* dsa_pub.pem */,
				F454D2DE1267E0AF00DC16D9 /* redLight.png */,
				F454D2DF1267E0AF00DC16D9 /* greenLight.png */,
				F4D7834515D82C8200D00BB9 /* Login.xib */,
				F4B8DFF40B61F4B900DDD00A /* key_b.png */,
				F4B8DFF50B61F4B900DDD00A /* key_r.png */,
				F4B8DFE70B61EB8900DDD00A /* report.css */,
				F413C7250AACB9B4000A8CDC /* sf.icns */,
				8D1107310486CEB800E47090 /* Info.plist */,
				089C165CFE840E0CC02AAC07 /* InfoPlist.strings */,
			);
			name = Resources;
			sourceTree = "<group>";
		};
		29B97323FDCFA39411CA2CEA /* Frameworks */ = {
			isa = PBXGroup;
			children = (
				F4DE40682562088B00FBA200 /* ZKSforce.framework */,
				1058C7A0FEA54F0111CA2CBB /* Linked Frameworks */,
				1058C7A2FEA54F0111CA2CBB /* Other Frameworks */,
				21E4B8D32EEB87E1463F1F48 /* Pods_SoqlXplorer.framework */,
				5D5A96B45D611A7235D41491 /* Pods_SoqlXplorerTests.framework */,
			);
			name = Frameworks;
			sourceTree = "<group>";
		};
		85C79E27EE4D6B545D0AE931 /* Pods */ = {
			isa = PBXGroup;
			children = (
				8645EEF3637151E34CF2C051 /* Pods-SoqlXplorer.debug.xcconfig */,
				190BF657BA880DE3A8326501 /* Pods-SoqlXplorer.release.xcconfig */,
				D9545AAB5647FCCF37DF52D4 /* Pods-SoqlXplorerTests.debug.xcconfig */,
				424BB7186AD49DBAAAD87F51 /* Pods-SoqlXplorerTests.release.xcconfig */,
			);
			name = Pods;
			path = ../Pods;
			sourceTree = "<group>";
		};
		F41257530B0981AB001622AC /* UI Widgets */ = {
			isa = PBXGroup;
			children = (
				F4CD2AB51B76881500BDD68D /* NSTableView_additions.h */,
				F4CD2AB61B76881500BDD68D /* NSTableView_additions.m */,
				F4A62E2D0D31AC6300D7EACA /* NSView_additions.h */,
				F4A62E2E0D31AC6300D7EACA /* NSView_additions.m */,
				F4BF72A50F79E58C0089F459 /* NSWindow_additions.h */,
				F4BF72A60F79E58C0089F459 /* NSWindow_additions.m */,
				F46D91000B33DFC800913AD2 /* StandAloneTableHeaderView.h */,
				F46D91010B33DFC800913AD2 /* StandAloneTableHeaderView.m */,
				F4CF73E60D49BDDB001001F2 /* QueryResultCell.h */,
				F4CF73E70D49BDDB001001F2 /* QueryResultCell.m */,
				F4F75D920D4EFCEE00608927 /* QueryTextListView.h */,
				F4F75D930D4EFCEE00608927 /* QueryTextListView.m */,
				F428A2D10F677BC3007BD862 /* BlueView.h */,
				F428A2D20F677BC3007BD862 /* BlueView.m */,
				F4FAFB640F68CAFD00ECC9BB /* HighlightTextFieldCell.h */,
				F4FAFB650F68CAFD00ECC9BB /* HighlightTextFieldCell.m */,
				F4B461FD0F79EB850099C434 /* FieldResizer.h */,
				F4B461FE0F79EB850099C434 /* FieldResizer.m */,
				F4B58B451D31D21200D62683 /* ZKTextView.h */,
				F4B58B461D31D21200D62683 /* ZKTextView.m */,
			);
			name = "UI Widgets";
			sourceTree = "<group>";
		};
		F454D13E12677F9500DC16D9 /* sforce apex */ = {
			isa = PBXGroup;
			children = (
				F4AC555915996D8500F5CA45 /* zkApexClient.h */,
				F4AC555A15996D8500F5CA45 /* zkApexClient.m */,
				F4AC555B15996D8500F5CA45 /* ZKCodeCoverageResult.h */,
				F4AC555C15996D8500F5CA45 /* ZKCodeCoverageResult.m */,
				F4AC555D15996D8500F5CA45 /* ZKCodeLocation.h */,
				F4AC555E15996D8500F5CA45 /* ZKCodeLocation.m */,
				F4AC555F15996D8500F5CA45 /* ZKCompileResult.h */,
				F4AC556015996D8500F5CA45 /* ZKCompileResult.m */,
				F4AC556115996D8500F5CA45 /* zkExecuteAnonResult.h */,
				F4AC556215996D8500F5CA45 /* zkExecuteAnonResult.m */,
				F4AC556315996D8500F5CA45 /* ZKRunTestFailure.h */,
				F4AC556415996D8500F5CA45 /* ZKRunTestFailure.m */,
				F4AC556515996D8500F5CA45 /* zkRunTestResult.h */,
				F4AC556615996D8500F5CA45 /* zkRunTestResult.m */,
			);
			name = "sforce apex";
			sourceTree = "<group>";
		};
		F494FA3C0F7EFDD2001216EC /* GlossShader */ = {
			isa = PBXGroup;
			children = (
				F494FA3F0F7EFE22001216EC /* RRCausticColorMatcher.h */,
				F494FA400F7EFE22001216EC /* RRCausticColorMatcher.m */,
				F494FA410F7EFE22001216EC /* RRExponentialFunction.h */,
				F494FA420F7EFE22001216EC /* RRExponentialFunction.m */,
				F494FA430F7EFE22001216EC /* RRGlossCausticShader.h */,
				F494FA440F7EFE22001216EC /* RRGlossCausticShader.m */,
				F494FA450F7EFE22001216EC /* RRLuminanceFromRGBComponents.h */,
				F494FA460F7EFE22001216EC /* RRLuminanceFromRGBComponents.m */,
			);
			name = GlossShader;
			sourceTree = "<group>";
		};
		F4CA096721A1E8DE00CC9238 /* Products */ = {
			isa = PBXGroup;
			children = (
				F4CA097221A1E8DE00CC9238 /* Fragaria Complex.app */,
				F4CA097421A1E8DE00CC9238 /* Fragaria Doc.app */,
				F4CA097621A1E8DE00CC9238 /* Fragaria Prefs.app */,
				F4CA097821A1E8DE00CC9238 /* Fragaria Simple.app */,
				F4CA097A21A1E8DE00CC9238 /* Fragaria Swift.app */,
				F4CA097C21A1E8DE00CC9238 /* Fragaria.framework */,
				F4CA097E21A1E8DE00CC9238 /* Fragaria Tests.xctest */,
				F45176F725672843006C7628 /* FragariaDefaultsCoordinator.framework */,
				F45176F925672843006C7628 /* FragariaDefaultsCoordinatorTests.xctest */,
			);
			name = Products;
			sourceTree = "<group>";
		};
		F4D034D20F3AB99900D0A7EA /* schemaView */ = {
			isa = PBXGroup;
			children = (
				F412575A0B098593001622AC /* WeightedSObject.h */,
				F412575B0B098593001622AC /* WeightedSObject.m */,
				F4DD94480AFEEC9400B0E3AC /* SchemaView.h */,
				F4DD94490AFEEC9400B0E3AC /* SchemaView.m */,
				F4DD94510AFEED9500B0E3AC /* SchemaController.h */,
				F4DD94520AFEED9500B0E3AC /* SchemaController.m */,
				F458CEAF0AFF2442008A20A9 /* SObjectBox.h */,
				F458CEB00AFF2442008A20A9 /* SObjectBox.m */,
				F4CD51180B0C342100345D9E /* PlusMinusWidget.h */,
				F4CD51190B0C342100345D9E /* PlusMinusWidget.m */,
				F4CD511D0B0C350300345D9E /* FieldImportance.h */,
				F4CD511E0B0C350300345D9E /* FieldImportance.m */,
				F4CD51230B0C35EF00345D9E /* SObjectViewMode.h */,
			);
			name = schemaView;
			sourceTree = "<group>";
		};
		F4DE4050256205D300FBA200 /* SoqlXplorerTests */ = {
			isa = PBXGroup;
			children = (
				F4DE40642562079100FBA200 /* QueryColumnsTest.m */,
				F4DE4053256205D300FBA200 /* Info.plist */,
			);
			path = SoqlXplorerTests;
			sourceTree = "<group>";
		};
		F4FDA6CA0B39162300A541E5 /* SchemaReportClasses */ = {
			isa = PBXGroup;
			children = (
				F45C7EDA0B5FDA5200F93DD7 /* SchemaProtocol.h */,
				F45C7EDB0B5FDA5200F93DD7 /* SchemaProtocol.m */,
				F4FDA6D80B3916DE00A541E5 /* ReportDocument.m */,
				F4FDA6D90B3916DE00A541E5 /* ReportDocument.h */,
				F4D7836915D8814C00D00BB9 /* ZKDescribe_Reporting.h */,
				F4D7836A15D8814C00D00BB9 /* ZKDescribe_Reporting.m */,
			);
			name = SchemaReportClasses;
			sourceTree = "<group>";
		};
/* End PBXGroup section */

/* Begin PBXNativeTarget section */
		8D1107260486CEB800E47090 /* SoqlXplorer */ = {
			isa = PBXNativeTarget;
			buildConfigurationList = C01FCF4A08A954540054247B /* Build configuration list for PBXNativeTarget "SoqlXplorer" */;
			buildPhases = (
				BB746D9C7E3F8DE6079D0FED /* [CP] Check Pods Manifest.lock */,
				8D1107290486CEB800E47090 /* Resources */,
				8D11072C0486CEB800E47090 /* Sources */,
				8D11072E0486CEB800E47090 /* Frameworks */,
				F4D9DD1A0AD8A13E0065EA2D /* CopyFiles */,
				A032B494B1AAF92B4D715985 /* [CP] Embed Pods Frameworks */,
				F451770225672DBE006C7628 /* Copy Syntax Definitions */,
			);
			buildRules = (
			);
			dependencies = (
				F4592CBE21A24A530042F2AD /* PBXTargetDependency */,
			);
			name = SoqlXplorer;
			productInstallPath = "$(HOME)/Applications";
			productName = AppExplorer;
			productReference = 8D1107320486CEB800E47090 /* SoqlXplorer.app */;
			productType = "com.apple.product-type.application";
		};
		F4DE404E256205D300FBA200 /* SoqlXplorerTests */ = {
			isa = PBXNativeTarget;
			buildConfigurationList = F4DE405F256205D300FBA200 /* Build configuration list for PBXNativeTarget "SoqlXplorerTests" */;
			buildPhases = (
				C00EA5BD0BAB48B27C8A8815 /* [CP] Check Pods Manifest.lock */,
				F4DE404B256205D300FBA200 /* Sources */,
				F4DE404C256205D300FBA200 /* Frameworks */,
				F4DE404D256205D300FBA200 /* Resources */,
				93961BCB0C2C358B14D28096 /* [CP] Embed Pods Frameworks */,
			);
			buildRules = (
			);
			dependencies = (
				F4DE4055256205D300FBA200 /* PBXTargetDependency */,
			);
			name = SoqlXplorerTests;
			productName = SoqlXplorerTests;
			productReference = F4DE404F256205D300FBA200 /* SoqlXplorerTests.xctest */;
			productType = "com.apple.product-type.bundle.unit-test";
		};
/* End PBXNativeTarget section */

/* Begin PBXProject section */
		29B97313FDCFA39411CA2CEA /* Project object */ = {
			isa = PBXProject;
			attributes = {
				LastUpgradeCheck = 1220;
				TargetAttributes = {
					F4DE404E256205D300FBA200 = {
						CreatedOnToolsVersion = 12.1;
					};
				};
			};
			buildConfigurationList = C01FCF4E08A954540054247B /* Build configuration list for PBXProject "AppExplorer" */;
			compatibilityVersion = "Xcode 9.3";
			developmentRegion = en;
			hasScannedForEncodings = 1;
			knownRegions = (
				en,
				Base,
			);
			mainGroup = 29B97314FDCFA39411CA2CEA /* AppExplorer */;
			productRefGroup = 19C28FACFE9D520D11CA2CBB /* Products */;
			projectDirPath = "";
			projectReferences = (
				{
					ProductGroup = F4CA096721A1E8DE00CC9238 /* Products */;
					ProjectRef = F4CA096621A1E8DE00CC9238 /* Fragaria.xcodeproj */;
				},
			);
			projectRoot = "";
			targets = (
				8D1107260486CEB800E47090 /* SoqlXplorer */,
				F4DE404E256205D300FBA200 /* SoqlXplorerTests */,
			);
		};
/* End PBXProject section */

/* Begin PBXReferenceProxy section */
		F45176F725672843006C7628 /* FragariaDefaultsCoordinator.framework */ = {
			isa = PBXReferenceProxy;
			fileType = wrapper.framework;
			path = FragariaDefaultsCoordinator.framework;
			remoteRef = F45176F625672843006C7628 /* PBXContainerItemProxy */;
			sourceTree = BUILT_PRODUCTS_DIR;
		};
		F45176F925672843006C7628 /* FragariaDefaultsCoordinatorTests.xctest */ = {
			isa = PBXReferenceProxy;
			fileType = wrapper.cfbundle;
			path = FragariaDefaultsCoordinatorTests.xctest;
			remoteRef = F45176F825672843006C7628 /* PBXContainerItemProxy */;
			sourceTree = BUILT_PRODUCTS_DIR;
		};
		F4CA097221A1E8DE00CC9238 /* Fragaria Complex.app */ = {
			isa = PBXReferenceProxy;
			fileType = wrapper.application;
			path = "Fragaria Complex.app";
			remoteRef = F4CA097121A1E8DE00CC9238 /* PBXContainerItemProxy */;
			sourceTree = BUILT_PRODUCTS_DIR;
		};
		F4CA097421A1E8DE00CC9238 /* Fragaria Doc.app */ = {
			isa = PBXReferenceProxy;
			fileType = wrapper.application;
			path = "Fragaria Doc.app";
			remoteRef = F4CA097321A1E8DE00CC9238 /* PBXContainerItemProxy */;
			sourceTree = BUILT_PRODUCTS_DIR;
		};
		F4CA097621A1E8DE00CC9238 /* Fragaria Prefs.app */ = {
			isa = PBXReferenceProxy;
			fileType = wrapper.application;
			path = "Fragaria Prefs.app";
			remoteRef = F4CA097521A1E8DE00CC9238 /* PBXContainerItemProxy */;
			sourceTree = BUILT_PRODUCTS_DIR;
		};
		F4CA097821A1E8DE00CC9238 /* Fragaria Simple.app */ = {
			isa = PBXReferenceProxy;
			fileType = wrapper.application;
			path = "Fragaria Simple.app";
			remoteRef = F4CA097721A1E8DE00CC9238 /* PBXContainerItemProxy */;
			sourceTree = BUILT_PRODUCTS_DIR;
		};
		F4CA097A21A1E8DE00CC9238 /* Fragaria Swift.app */ = {
			isa = PBXReferenceProxy;
			fileType = wrapper.application;
			path = "Fragaria Swift.app";
			remoteRef = F4CA097921A1E8DE00CC9238 /* PBXContainerItemProxy */;
			sourceTree = BUILT_PRODUCTS_DIR;
		};
		F4CA097C21A1E8DE00CC9238 /* Fragaria.framework */ = {
			isa = PBXReferenceProxy;
			fileType = wrapper.framework;
			path = Fragaria.framework;
			remoteRef = F4CA097B21A1E8DE00CC9238 /* PBXContainerItemProxy */;
			sourceTree = BUILT_PRODUCTS_DIR;
		};
		F4CA097E21A1E8DE00CC9238 /* Fragaria Tests.xctest */ = {
			isa = PBXReferenceProxy;
			fileType = wrapper.cfbundle;
			path = "Fragaria Tests.xctest";
			remoteRef = F4CA097D21A1E8DE00CC9238 /* PBXContainerItemProxy */;
			sourceTree = BUILT_PRODUCTS_DIR;
		};
/* End PBXReferenceProxy section */

/* Begin PBXResourcesBuildPhase section */
		8D1107290486CEB800E47090 /* Resources */ = {
			isa = PBXResourcesBuildPhase;
			buildActionMask = 2147483647;
			files = (
				8D11072B0486CEB800E47090 /* InfoPlist.strings in Resources */,
				F4C8BF332197C5740000E312 /* Credits.rtf in Resources */,
				F413C7260AACB9B4000A8CDC /* sf.icns in Resources */,
				F4BBAA152186C3E100647C27 /* Media.xcassets in Resources */,
				F4E319492198ECE3009B8C4F /* querySavePanel.xib in Resources */,
				F4E3194B2198ECE3009B8C4F /* ReportDocument.xib in Resources */,
				F4E3194E2198EF4E009B8C4F /* ProgressWindow.xib in Resources */,
				F4B8DFE80B61EB8900DDD00A /* report.css in Resources */,
				F4B8DFF60B61F4B900DDD00A /* key_b.png in Resources */,
				F4B8DFF70B61F4B900DDD00A /* key_r.png in Resources */,
				F454D2E01267E0AF00DC16D9 /* redLight.png in Resources */,
				F454D2E11267E0AF00DC16D9 /* greenLight.png in Resources */,
				F4D7831815D489B800D00BB9 /* MainMenu.xib in Resources */,
				F4D7831B15D48C8500D00BB9 /* Explorer.xib in Resources */,
				F4D7834615D82C8200D00BB9 /* Login.xib in Resources */,
				F4D4F5AB1623CD5D009CF3D4 /* dsa_pub.pem in Resources */,
			);
			runOnlyForDeploymentPostprocessing = 0;
		};
		F4DE404D256205D300FBA200 /* Resources */ = {
			isa = PBXResourcesBuildPhase;
			buildActionMask = 2147483647;
			files = (
			);
			runOnlyForDeploymentPostprocessing = 0;
		};
/* End PBXResourcesBuildPhase section */

/* Begin PBXShellScriptBuildPhase section */
		93961BCB0C2C358B14D28096 /* [CP] Embed Pods Frameworks */ = {
			isa = PBXShellScriptBuildPhase;
			buildActionMask = 2147483647;
			files = (
			);
			inputFileListPaths = (
				"${PODS_ROOT}/Target Support Files/Pods-SoqlXplorerTests/Pods-SoqlXplorerTests-frameworks-${CONFIGURATION}-input-files.xcfilelist",
			);
			name = "[CP] Embed Pods Frameworks";
			outputFileListPaths = (
				"${PODS_ROOT}/Target Support Files/Pods-SoqlXplorerTests/Pods-SoqlXplorerTests-frameworks-${CONFIGURATION}-output-files.xcfilelist",
			);
			runOnlyForDeploymentPostprocessing = 0;
			shellPath = /bin/sh;
			shellScript = "\"${PODS_ROOT}/Target Support Files/Pods-SoqlXplorerTests/Pods-SoqlXplorerTests-frameworks.sh\"\n";
			showEnvVarsInLog = 0;
		};
		A032B494B1AAF92B4D715985 /* [CP] Embed Pods Frameworks */ = {
			isa = PBXShellScriptBuildPhase;
			buildActionMask = 2147483647;
			files = (
			);
			inputFileListPaths = (
				"${PODS_ROOT}/Target Support Files/Pods-SoqlXplorer/Pods-SoqlXplorer-frameworks-${CONFIGURATION}-input-files.xcfilelist",
			);
			name = "[CP] Embed Pods Frameworks";
			outputFileListPaths = (
				"${PODS_ROOT}/Target Support Files/Pods-SoqlXplorer/Pods-SoqlXplorer-frameworks-${CONFIGURATION}-output-files.xcfilelist",
			);
			runOnlyForDeploymentPostprocessing = 0;
			shellPath = /bin/sh;
			shellScript = "\"${PODS_ROOT}/Target Support Files/Pods-SoqlXplorer/Pods-SoqlXplorer-frameworks.sh\"\n";
			showEnvVarsInLog = 0;
		};
		BB746D9C7E3F8DE6079D0FED /* [CP] Check Pods Manifest.lock */ = {
			isa = PBXShellScriptBuildPhase;
			buildActionMask = 2147483647;
			files = (
			);
			inputFileListPaths = (
			);
			inputPaths = (
				"${PODS_PODFILE_DIR_PATH}/Podfile.lock",
				"${PODS_ROOT}/Manifest.lock",
			);
			name = "[CP] Check Pods Manifest.lock";
			outputFileListPaths = (
			);
			outputPaths = (
				"$(DERIVED_FILE_DIR)/Pods-SoqlXplorer-checkManifestLockResult.txt",
			);
			runOnlyForDeploymentPostprocessing = 0;
			shellPath = /bin/sh;
			shellScript = "diff \"${PODS_PODFILE_DIR_PATH}/Podfile.lock\" \"${PODS_ROOT}/Manifest.lock\" > /dev/null\nif [ $? != 0 ] ; then\n    # print error to STDERR\n    echo \"error: The sandbox is not in sync with the Podfile.lock. Run 'pod install' or update your CocoaPods installation.\" >&2\n    exit 1\nfi\n# This output is used by Xcode 'outputs' to avoid re-running this script phase.\necho \"SUCCESS\" > \"${SCRIPT_OUTPUT_FILE_0}\"\n";
			showEnvVarsInLog = 0;
		};
		C00EA5BD0BAB48B27C8A8815 /* [CP] Check Pods Manifest.lock */ = {
			isa = PBXShellScriptBuildPhase;
			buildActionMask = 2147483647;
			files = (
			);
			inputFileListPaths = (
			);
			inputPaths = (
				"${PODS_PODFILE_DIR_PATH}/Podfile.lock",
				"${PODS_ROOT}/Manifest.lock",
			);
			name = "[CP] Check Pods Manifest.lock";
			outputFileListPaths = (
			);
			outputPaths = (
				"$(DERIVED_FILE_DIR)/Pods-SoqlXplorerTests-checkManifestLockResult.txt",
			);
			runOnlyForDeploymentPostprocessing = 0;
			shellPath = /bin/sh;
			shellScript = "diff \"${PODS_PODFILE_DIR_PATH}/Podfile.lock\" \"${PODS_ROOT}/Manifest.lock\" > /dev/null\nif [ $? != 0 ] ; then\n    # print error to STDERR\n    echo \"error: The sandbox is not in sync with the Podfile.lock. Run 'pod install' or update your CocoaPods installation.\" >&2\n    exit 1\nfi\n# This output is used by Xcode 'outputs' to avoid re-running this script phase.\necho \"SUCCESS\" > \"${SCRIPT_OUTPUT_FILE_0}\"\n";
			showEnvVarsInLog = 0;
		};
/* End PBXShellScriptBuildPhase section */

/* Begin PBXSourcesBuildPhase section */
		8D11072C0486CEB800E47090 /* Sources */ = {
			isa = PBXSourcesBuildPhase;
			buildActionMask = 2147483647;
			files = (
				8D11072D0486CEB800E47090 /* main.m in Sources */,
				F45DDFDD0AABBA6100ED0BA0 /* Explorer.m in Sources */,
				F413C6540AACABD5000A8CDC /* DataSources.m in Sources */,
				F4DD944B0AFEEC9400B0E3AC /* SchemaView.m in Sources */,
				F4DD94540AFEED9500B0E3AC /* SchemaController.m in Sources */,
				F458CEB20AFF2442008A20A9 /* SObjectBox.m in Sources */,
				F412575D0B098593001622AC /* WeightedSObject.m in Sources */,
				F4CD511B0B0C342100345D9E /* PlusMinusWidget.m in Sources */,
				F4CD51200B0C350300345D9E /* FieldImportance.m in Sources */,
				F46D91070B33DFC800913AD2 /* StandAloneTableHeaderView.m in Sources */,
				F4FDA6DA0B3916DE00A541E5 /* ReportDocument.m in Sources */,
				F45C7EDD0B5FDA5200F93DD7 /* SchemaProtocol.m in Sources */,
				F4FCF8260B644DDD003C4A5C /* DetailsController.m in Sources */,
				F4CD3DAD0B85701100084479 /* ZKLoginController.m in Sources */,
				F4CD3DBA0B8572DB00084479 /* credential.m in Sources */,
				F4D6E18A0BD70DA200813881 /* EditableQueryResultWrapper.m in Sources */,
				F4408FEF2562F4C1005E8BB7 /* QueryColumns.m in Sources */,
				F4A62E2F0D31AC6300D7EACA /* NSView_additions.m in Sources */,
				F4CF71F40D4704EE001001F2 /* QueryResultTable.m in Sources */,
				F4CF73E80D49BDDB001001F2 /* QueryResultCell.m in Sources */,
				F4F75D940D4EFCEE00608927 /* QueryTextListView.m in Sources */,
				F48B6B8C1969E68700496C82 /* Prefs.m in Sources */,
				F49741F00D554DB500DD77F4 /* QueryListController.m in Sources */,
				F44FC9E10E1EB69D00B5F70C /* ResultsSaver.m in Sources */,
				F4C877FA0F395DB4000075D4 /* ProgressController.m in Sources */,
				F4C878B80F3964BD000075D4 /* BulkDelete.m in Sources */,
				F428A2D30F677BC3007BD862 /* BlueView.m in Sources */,
				F4FAFB660F68CAFD00ECC9BB /* HighlightTextFieldCell.m in Sources */,
				F4BF72A70F79E58C0089F459 /* NSWindow_additions.m in Sources */,
				F4B461FF0F79EB850099C434 /* FieldResizer.m in Sources */,
				F494FA470F7EFE22001216EC /* RRCausticColorMatcher.m in Sources */,
				F494FA480F7EFE22001216EC /* RRExponentialFunction.m in Sources */,
				F494FA490F7EFE22001216EC /* RRGlossCausticShader.m in Sources */,
				F494FA4A0F7EFE22001216EC /* RRLuminanceFromRGBComponents.m in Sources */,
				F454D163126785EA00DC16D9 /* ApexController.m in Sources */,
				F4AC556715996D8500F5CA45 /* zkApexClient.m in Sources */,
				F4AC556815996D8500F5CA45 /* ZKCodeCoverageResult.m in Sources */,
				F4AC556915996D8500F5CA45 /* ZKCodeLocation.m in Sources */,
				F4AC556A15996D8500F5CA45 /* ZKCompileResult.m in Sources */,
				F4AC556B15996D8500F5CA45 /* zkExecuteAnonResult.m in Sources */,
				F4AC556C15996D8500F5CA45 /* ZKRunTestFailure.m in Sources */,
				F4AC556D15996D8500F5CA45 /* zkRunTestResult.m in Sources */,
				F4D7831E15D49F7B00D00BB9 /* AppDelegate.m in Sources */,
				F4D7833415D5F46600D00BB9 /* BaseUserBasedController.m in Sources */,
				F4D7836B15D8814C00D00BB9 /* ZKDescribe_Reporting.m in Sources */,
				F412DE1721B341D300D8889F /* SessionIdAuthInfo.m in Sources */,
				F4C440CA15DB50BC00590A1E /* SearchQueryResult.m in Sources */,
				F4CD2AB71B76881500BDD68D /* NSTableView_additions.m in Sources */,
				F4E8BB10184EC7A6000E43B5 /* ZKDescribeThemeItem+ZKFindResource.m in Sources */,
				F4B58B471D31D21200D62683 /* ZKTextView.m in Sources */,
			);
			runOnlyForDeploymentPostprocessing = 0;
		};
		F4DE404B256205D300FBA200 /* Sources */ = {
			isa = PBXSourcesBuildPhase;
			buildActionMask = 2147483647;
			files = (
				F4408FF02562F4C1005E8BB7 /* QueryColumns.m in Sources */,
				F4DE40652562079100FBA200 /* QueryColumnsTest.m in Sources */,
			);
			runOnlyForDeploymentPostprocessing = 0;
		};
/* End PBXSourcesBuildPhase section */

/* Begin PBXTargetDependency section */
		F4592CBE21A24A530042F2AD /* PBXTargetDependency */ = {
			isa = PBXTargetDependency;
			name = Fragaria;
			targetProxy = F4592CBD21A24A530042F2AD /* PBXContainerItemProxy */;
		};
		F4DE4055256205D300FBA200 /* PBXTargetDependency */ = {
			isa = PBXTargetDependency;
			target = 8D1107260486CEB800E47090 /* SoqlXplorer */;
			targetProxy = F4DE4054256205D300FBA200 /* PBXContainerItemProxy */;
		};
/* End PBXTargetDependency section */

/* Begin PBXVariantGroup section */
		089C165CFE840E0CC02AAC07 /* InfoPlist.strings */ = {
			isa = PBXVariantGroup;
			children = (
				F44DAD4623418A6800EF8C44 /* en */,
			);
			name = InfoPlist.strings;
			sourceTree = "<group>";
		};
		F4D7831615D489B800D00BB9 /* MainMenu.xib */ = {
			isa = PBXVariantGroup;
			children = (
				F4C8BF342197CD820000E312 /* Base */,
			);
			name = MainMenu.xib;
			sourceTree = "<group>";
		};
		F4D7831915D48C8500D00BB9 /* Explorer.xib */ = {
			isa = PBXVariantGroup;
			children = (
				F4C8BF352197CD820000E312 /* Base */,
			);
			name = Explorer.xib;
			sourceTree = "<group>";
		};
		F4E319432198ECE3009B8C4F /* querySavePanel.xib */ = {
			isa = PBXVariantGroup;
			children = (
				F4E319442198ECE3009B8C4F /* Base */,
			);
			name = querySavePanel.xib;
			sourceTree = "<group>";
		};
		F4E319472198ECE3009B8C4F /* ReportDocument.xib */ = {
			isa = PBXVariantGroup;
			children = (
				F4E319482198ECE3009B8C4F /* Base */,
			);
			name = ReportDocument.xib;
			sourceTree = "<group>";
		};
		F4E3194C2198EF4E009B8C4F /* ProgressWindow.xib */ = {
			isa = PBXVariantGroup;
			children = (
				F4E3194D2198EF4E009B8C4F /* Base */,
			);
			name = ProgressWindow.xib;
			sourceTree = "<group>";
		};
/* End PBXVariantGroup section */

/* Begin XCBuildConfiguration section */
		C01FCF4B08A954540054247B /* Debug */ = {
			isa = XCBuildConfiguration;
			baseConfigurationReference = 8645EEF3637151E34CF2C051 /* Pods-SoqlXplorer.debug.xcconfig */;
			buildSettings = {
				CODE_SIGN_ENTITLEMENTS = SoqlXplorer.entitlements;
				CODE_SIGN_IDENTITY = "Developer ID Application";
				DEVELOPMENT_TEAM = LW4LAY84H7;
				ENABLE_HARDENED_RUNTIME = YES;
				FRAMEWORK_SEARCH_PATHS = "$(inherited)";
				INFOPLIST_FILE = Info.plist;
				LD_RUNPATH_SEARCH_PATHS = (
					"$(inherited)",
					"@executable_path/../Frameworks",
					"@loader_path/../Frameworks",
				);
				PRODUCT_BUNDLE_IDENTIFIER = com.pocketsoap.osx.SoqlXplorer;
				PRODUCT_NAME = SoqlXplorer;
				PROVISIONING_PROFILE_SPECIFIER = "";
				WRAPPER_EXTENSION = app;
			};
			name = Debug;
		};
		C01FCF4C08A954540054247B /* Release */ = {
			isa = XCBuildConfiguration;
			baseConfigurationReference = 190BF657BA880DE3A8326501 /* Pods-SoqlXplorer.release.xcconfig */;
			buildSettings = {
				CODE_SIGN_ENTITLEMENTS = SoqlXplorer.entitlements;
				CODE_SIGN_IDENTITY = "-";
				ENABLE_HARDENED_RUNTIME = YES;
				FRAMEWORK_SEARCH_PATHS = "$(inherited)";
				INFOPLIST_FILE = Info.plist;
				LD_RUNPATH_SEARCH_PATHS = (
					"$(inherited)",
					"@executable_path/../Frameworks",
					"@loader_path/../Frameworks",
				);
				PRODUCT_BUNDLE_IDENTIFIER = com.pocketsoap.osx.SoqlXplorer;
				PRODUCT_NAME = SoqlXplorer;
				WRAPPER_EXTENSION = app;
			};
			name = Release;
		};
		C01FCF4F08A954540054247B /* Debug */ = {
			isa = XCBuildConfiguration;
			buildSettings = {
				ALWAYS_SEARCH_USER_PATHS = NO;
				CLANG_ENABLE_OBJC_ARC = YES;
				CLANG_LINK_OBJC_RUNTIME = NO;
				CLANG_WARN_BLOCK_CAPTURE_AUTORELEASING = YES;
				CLANG_WARN_BOOL_CONVERSION = YES;
				CLANG_WARN_COMMA = YES;
				CLANG_WARN_CONSTANT_CONVERSION = YES;
				CLANG_WARN_DEPRECATED_OBJC_IMPLEMENTATIONS = YES;
				CLANG_WARN_EMPTY_BODY = YES;
				CLANG_WARN_ENUM_CONVERSION = YES;
				CLANG_WARN_INFINITE_RECURSION = YES;
				CLANG_WARN_INT_CONVERSION = YES;
				CLANG_WARN_NON_LITERAL_NULL_CONVERSION = YES;
				CLANG_WARN_OBJC_IMPLICIT_RETAIN_SELF = YES;
				CLANG_WARN_OBJC_LITERAL_CONVERSION = YES;
				CLANG_WARN_QUOTED_INCLUDE_IN_FRAMEWORK_HEADER = YES;
				CLANG_WARN_RANGE_LOOP_ANALYSIS = YES;
				CLANG_WARN_STRICT_PROTOTYPES = YES;
				CLANG_WARN_SUSPICIOUS_MOVE = YES;
				CLANG_WARN_UNREACHABLE_CODE = YES;
				CLANG_WARN__DUPLICATE_METHOD_MATCH = YES;
				CODE_SIGN_IDENTITY = "";
				COMBINE_HIDPI_IMAGES = YES;
				COPY_PHASE_STRIP = NO;
				ENABLE_HARDENED_RUNTIME = YES;
				ENABLE_STRICT_OBJC_MSGSEND = YES;
				ENABLE_TESTABILITY = YES;
				FRAMEWORK_SEARCH_PATHS = "\"$(SRCROOT)\"";
				GCC_C_LANGUAGE_STANDARD = c11;
				GCC_NO_COMMON_BLOCKS = YES;
				GCC_OPTIMIZATION_LEVEL = 0;
				GCC_PRECOMPILE_PREFIX_HEADER = YES;
				GCC_PREFIX_HEADER = AppExplorer_Prefix.pch;
				GCC_WARN_64_TO_32_BIT_CONVERSION = YES;
				GCC_WARN_ABOUT_RETURN_TYPE = YES;
				GCC_WARN_UNDECLARED_SELECTOR = YES;
				GCC_WARN_UNINITIALIZED_AUTOS = YES;
				GCC_WARN_UNUSED_FUNCTION = YES;
				GCC_WARN_UNUSED_VARIABLE = YES;
				HEADER_SEARCH_PATHS = /usr/include/libxml2;
				MACOSX_DEPLOYMENT_TARGET = 10.13;
				ONLY_ACTIVE_ARCH = YES;
				SDKROOT = macosx;
			};
			name = Debug;
		};
		C01FCF5008A954540054247B /* Release */ = {
			isa = XCBuildConfiguration;
			buildSettings = {
				ALWAYS_SEARCH_USER_PATHS = NO;
				CLANG_ENABLE_OBJC_ARC = YES;
				CLANG_LINK_OBJC_RUNTIME = NO;
				CLANG_WARN_BLOCK_CAPTURE_AUTORELEASING = YES;
				CLANG_WARN_BOOL_CONVERSION = YES;
				CLANG_WARN_COMMA = YES;
				CLANG_WARN_CONSTANT_CONVERSION = YES;
				CLANG_WARN_DEPRECATED_OBJC_IMPLEMENTATIONS = YES;
				CLANG_WARN_EMPTY_BODY = YES;
				CLANG_WARN_ENUM_CONVERSION = YES;
				CLANG_WARN_INFINITE_RECURSION = YES;
				CLANG_WARN_INT_CONVERSION = YES;
				CLANG_WARN_NON_LITERAL_NULL_CONVERSION = YES;
				CLANG_WARN_OBJC_IMPLICIT_RETAIN_SELF = YES;
				CLANG_WARN_OBJC_LITERAL_CONVERSION = YES;
				CLANG_WARN_QUOTED_INCLUDE_IN_FRAMEWORK_HEADER = YES;
				CLANG_WARN_RANGE_LOOP_ANALYSIS = YES;
				CLANG_WARN_STRICT_PROTOTYPES = YES;
				CLANG_WARN_SUSPICIOUS_MOVE = YES;
				CLANG_WARN_UNREACHABLE_CODE = YES;
				CLANG_WARN__DUPLICATE_METHOD_MATCH = YES;
				CODE_SIGN_IDENTITY = "";
				COMBINE_HIDPI_IMAGES = YES;
				ENABLE_HARDENED_RUNTIME = YES;
				ENABLE_STRICT_OBJC_MSGSEND = YES;
				FRAMEWORK_SEARCH_PATHS = "\"$(SRCROOT)\"";
				GCC_C_LANGUAGE_STANDARD = c11;
				GCC_NO_COMMON_BLOCKS = YES;
				GCC_PRECOMPILE_PREFIX_HEADER = YES;
				GCC_PREFIX_HEADER = AppExplorer_Prefix.pch;
				GCC_WARN_64_TO_32_BIT_CONVERSION = YES;
				GCC_WARN_ABOUT_RETURN_TYPE = YES;
				GCC_WARN_UNDECLARED_SELECTOR = YES;
				GCC_WARN_UNINITIALIZED_AUTOS = YES;
				GCC_WARN_UNUSED_FUNCTION = YES;
				GCC_WARN_UNUSED_VARIABLE = YES;
				HEADER_SEARCH_PATHS = /usr/include/libxml2;
				MACOSX_DEPLOYMENT_TARGET = 10.13;
				SDKROOT = macosx;
			};
			name = Release;
		};
		F4DE4056256205D300FBA200 /* Debug */ = {
			isa = XCBuildConfiguration;
			baseConfigurationReference = D9545AAB5647FCCF37DF52D4 /* Pods-SoqlXplorerTests.debug.xcconfig */;
			buildSettings = {
				CLANG_ANALYZER_NONNULL = YES;
				CLANG_ANALYZER_NUMBER_OBJECT_CONVERSION = YES_AGGRESSIVE;
				CLANG_CXX_LANGUAGE_STANDARD = "gnu++14";
				CLANG_CXX_LIBRARY = "libc++";
				CLANG_ENABLE_MODULES = YES;
				CLANG_ENABLE_OBJC_WEAK = YES;
				CLANG_WARN_DIRECT_OBJC_ISA_USAGE = YES_ERROR;
				CLANG_WARN_DOCUMENTATION_COMMENTS = YES;
				CLANG_WARN_OBJC_ROOT_CLASS = YES_ERROR;
				CLANG_WARN_QUOTED_INCLUDE_IN_FRAMEWORK_HEADER = "$(inherited)";
				CLANG_WARN_UNGUARDED_AVAILABILITY = YES_AGGRESSIVE;
				CODE_SIGN_STYLE = Automatic;
				COMBINE_HIDPI_IMAGES = YES;
				DEBUG_INFORMATION_FORMAT = dwarf;
				DEVELOPMENT_TEAM = "";
				GCC_C_LANGUAGE_STANDARD = gnu11;
				GCC_DYNAMIC_NO_PIC = NO;
				GCC_PREPROCESSOR_DEFINITIONS = (
					"DEBUG=1",
					"$(inherited)",
				);
				GCC_WARN_ABOUT_RETURN_TYPE = YES_ERROR;
				GCC_WARN_UNINITIALIZED_AUTOS = YES_AGGRESSIVE;
				INFOPLIST_FILE = SoqlXplorerTests/Info.plist;
				LD_RUNPATH_SEARCH_PATHS = (
					"$(inherited)",
					"@executable_path/../Frameworks",
					"@loader_path/../Frameworks",
				);
				MACOSX_DEPLOYMENT_TARGET = 10.15;
				MTL_ENABLE_DEBUG_INFO = INCLUDE_SOURCE;
				MTL_FAST_MATH = YES;
				PRODUCT_BUNDLE_IDENTIFIER = com.superfell.soqlx.tests.SoqlXplorerTests;
				PRODUCT_NAME = "$(TARGET_NAME)";
			};
			name = Debug;
		};
		F4DE4057256205D300FBA200 /* Release */ = {
			isa = XCBuildConfiguration;
			baseConfigurationReference = 424BB7186AD49DBAAAD87F51 /* Pods-SoqlXplorerTests.release.xcconfig */;
			buildSettings = {
				CLANG_ANALYZER_NONNULL = YES;
				CLANG_ANALYZER_NUMBER_OBJECT_CONVERSION = YES_AGGRESSIVE;
				CLANG_CXX_LANGUAGE_STANDARD = "gnu++14";
				CLANG_CXX_LIBRARY = "libc++";
				CLANG_ENABLE_MODULES = YES;
				CLANG_ENABLE_OBJC_WEAK = YES;
				CLANG_WARN_DIRECT_OBJC_ISA_USAGE = YES_ERROR;
				CLANG_WARN_DOCUMENTATION_COMMENTS = YES;
				CLANG_WARN_OBJC_ROOT_CLASS = YES_ERROR;
				CLANG_WARN_QUOTED_INCLUDE_IN_FRAMEWORK_HEADER = "$(inherited)";
				CLANG_WARN_UNGUARDED_AVAILABILITY = YES_AGGRESSIVE;
				CODE_SIGN_STYLE = Automatic;
				COMBINE_HIDPI_IMAGES = YES;
				COPY_PHASE_STRIP = NO;
				DEBUG_INFORMATION_FORMAT = "dwarf-with-dsym";
				ENABLE_NS_ASSERTIONS = NO;
				GCC_C_LANGUAGE_STANDARD = gnu11;
				GCC_WARN_ABOUT_RETURN_TYPE = YES_ERROR;
				GCC_WARN_UNINITIALIZED_AUTOS = YES_AGGRESSIVE;
				INFOPLIST_FILE = SoqlXplorerTests/Info.plist;
				LD_RUNPATH_SEARCH_PATHS = (
					"$(inherited)",
					"@executable_path/../Frameworks",
					"@loader_path/../Frameworks",
				);
				MACOSX_DEPLOYMENT_TARGET = 10.15;
				MTL_ENABLE_DEBUG_INFO = NO;
				MTL_FAST_MATH = YES;
				PRODUCT_BUNDLE_IDENTIFIER = com.superfell.soqlx.tests.SoqlXplorerTests;
				PRODUCT_NAME = "$(TARGET_NAME)";
			};
			name = Release;
		};
/* End XCBuildConfiguration section */

/* Begin XCConfigurationList section */
		C01FCF4A08A954540054247B /* Build configuration list for PBXNativeTarget "SoqlXplorer" */ = {
			isa = XCConfigurationList;
			buildConfigurations = (
				C01FCF4B08A954540054247B /* Debug */,
				C01FCF4C08A954540054247B /* Release */,
			);
			defaultConfigurationIsVisible = 0;
			defaultConfigurationName = Release;
		};
		C01FCF4E08A954540054247B /* Build configuration list for PBXProject "AppExplorer" */ = {
			isa = XCConfigurationList;
			buildConfigurations = (
				C01FCF4F08A954540054247B /* Debug */,
				C01FCF5008A954540054247B /* Release */,
			);
			defaultConfigurationIsVisible = 0;
			defaultConfigurationName = Release;
		};
		F4DE405F256205D300FBA200 /* Build configuration list for PBXNativeTarget "SoqlXplorerTests" */ = {
			isa = XCConfigurationList;
			buildConfigurations = (
				F4DE4056256205D300FBA200 /* Debug */,
				F4DE4057256205D300FBA200 /* Release */,
			);
			defaultConfigurationIsVisible = 0;
			defaultConfigurationName = Release;
		};
/* End XCConfigurationList section */
	};
	rootObject = 29B97313FDCFA39411CA2CEA /* Project object */;
}
